
Microsoft Visual Studio Solution File, Format Version 12.00
# Visual Studio 15
VisualStudioVersion = 15.0.28010.2036
MinimumVisualStudioVersion = 10.0.40219.1
Project("{FAE04EC0-301F-11D3-BF4B-00C04F79EFBC}") = "IMEManager", "IMEManager\IMEManager\IMEManager.csproj", "{EE423FAA-C13E-4180-885F-60D9A288831B}"
EndProject
Project("{FAE04EC0-301F-11D3-BF4B-00C04F79EFBC}") = "IMEManager.Tizen.Wearable", "IMEManager\IMEManager.Tizen.Wearable\IMEManager.Tizen.Wearable.csproj", "{571B8280-73BC-47CB-874A-1D54BD019540}"
EndProject
Global
	GlobalSection(SolutionConfigurationPlatforms) = preSolution
		Debug|Any CPU = Debug|Any CPU
		Release|Any CPU = Release|Any CPU
	EndGlobalSection
	GlobalSection(ProjectConfigurationPlatforms) = postSolution
		{EE423FAA-C13E-4180-885F-60D9A288831B}.Debug|Any CPU.ActiveCfg = Debug|Any CPU
		{EE423FAA-C13E-4180-885F-60D9A288831B}.Debug|Any CPU.Build.0 = Debug|Any CPU
		{EE423FAA-C13E-4180-885F-60D9A288831B}.Release|Any CPU.ActiveCfg = Release|Any CPU
		{EE423FAA-C13E-4180-885F-60D9A288831B}.Release|Any CPU.Build.0 = Release|Any CPU
		{571B8280-73BC-47CB-874A-1D54BD019540}.Debug|Any CPU.ActiveCfg = Debug|Any CPU
		{571B8280-73BC-47CB-874A-1D54BD019540}.Debug|Any CPU.Build.0 = Debug|Any CPU
		{571B8280-73BC-47CB-874A-1D54BD019540}.Release|Any CPU.ActiveCfg = Release|Any CPU
		{571B8280-73BC-47CB-874A-1D54BD019540}.Release|Any CPU.Build.0 = Release|Any CPU
	EndGlobalSection
	GlobalSection(SolutionProperties) = preSolution
		HideSolutionNode = FALSE
	EndGlobalSection
	GlobalSection(ExtensibilityGlobals) = postSolution
		SolutionGuid = {205B33FE-4DB6-41BF-869D-4E38ABBBE654}
	EndGlobalSection
EndGlobal
