
Microsoft Visual Studio Solution File, Format Version 12.00
# Visual Studio 15
VisualStudioVersion = 15.0.27703.2042
MinimumVisualStudioVersion = 10.0.40219.1
Project("{FAE04EC0-301F-11D3-BF4B-00C04F79EFBC}") = "MediaContent", "MediaContent\MediaContent.csproj", "{41CBC480-032B-4F2A-9CDC-DE6EFA536A61}"
EndProject
Global
	GlobalSection(SolutionConfigurationPlatforms) = preSolution
		Debug|Any CPU = Debug|Any CPU
		Release|Any CPU = Release|Any CPU
	EndGlobalSection
	GlobalSection(ProjectConfigurationPlatforms) = postSolution
		{41CBC480-032B-4F2A-9CDC-DE6EFA536A61}.Debug|Any CPU.ActiveCfg = Debug|Any CPU
		{41CBC480-032B-4F2A-9CDC-DE6EFA536A61}.Debug|Any CPU.Build.0 = Debug|Any CPU
		{41CBC480-032B-4F2A-9CDC-DE6EFA536A61}.Release|Any CPU.ActiveCfg = Release|Any CPU
		{41CBC480-032B-4F2A-9CDC-DE6EFA536A61}.Release|Any CPU.Build.0 = Release|Any CPU
	EndGlobalSection
	GlobalSection(SolutionProperties) = preSolution
		HideSolutionNode = FALSE
	EndGlobalSection
	GlobalSection(ExtensibilityGlobals) = postSolution
		SolutionGuid = {4CE5E42E-87C5-4182-865D-E2F9C5B317D0}
	EndGlobalSection
EndGlobal
