
Microsoft Visual Studio Solution File, Format Version 12.00
# Visual Studio 15
VisualStudioVersion = 15.0.27130.0
MinimumVisualStudioVersion = 10.0.40219.1
Project("{FAE04EC0-301F-11D3-BF4B-00C04F79EFBC}") = "VisionApplicationSamples", "VisionApplicationSamples\VisionApplicationSamples\VisionApplicationSamples.csproj", "{A1582745-A847-4D25-B273-8C565C35F576}"
EndProject
Project("{FAE04EC0-301F-11D3-BF4B-00C04F79EFBC}") = "VisionApplicationSamples.Tizen.Mobile", "VisionApplicationSamples\VisionApplicationSamples.Tizen.Mobile\VisionApplicationSamples.Tizen.Mobile.csproj", "{FEA86D76-3FCF-48AE-A3C0-D3B8CD52DB17}"
EndProject
Global
	GlobalSection(SolutionConfigurationPlatforms) = preSolution
		Debug|Any CPU = Debug|Any CPU
		Release|Any CPU = Release|Any CPU
	EndGlobalSection
	GlobalSection(ProjectConfigurationPlatforms) = postSolution
		{A1582745-A847-4D25-B273-8C565C35F576}.Debug|Any CPU.ActiveCfg = Debug|Any CPU
		{A1582745-A847-4D25-B273-8C565C35F576}.Debug|Any CPU.Build.0 = Debug|Any CPU
		{A1582745-A847-4D25-B273-8C565C35F576}.Release|Any CPU.ActiveCfg = Release|Any CPU
		{A1582745-A847-4D25-B273-8C565C35F576}.Release|Any CPU.Build.0 = Release|Any CPU
		{FEA86D76-3FCF-48AE-A3C0-D3B8CD52DB17}.Debug|Any CPU.ActiveCfg = Debug|Any CPU
		{FEA86D76-3FCF-48AE-A3C0-D3B8CD52DB17}.Debug|Any CPU.Build.0 = Debug|Any CPU
		{FEA86D76-3FCF-48AE-A3C0-D3B8CD52DB17}.Release|Any CPU.ActiveCfg = Release|Any CPU
		{FEA86D76-3FCF-48AE-A3C0-D3B8CD52DB17}.Release|Any CPU.Build.0 = Release|Any CPU
	EndGlobalSection
	GlobalSection(SolutionProperties) = preSolution
		HideSolutionNode = FALSE
	EndGlobalSection
	GlobalSection(ExtensibilityGlobals) = postSolution
		SolutionGuid = {F1D4B3D9-393E-401E-AF65-928D277AD791}
	EndGlobalSection
EndGlobal
