Microsoft Visual Studio Solution File, Format Version 12.00
# Visual Studio Version 16
VisualStudioVersion = 16.0.31005.135
MinimumVisualStudioVersion = 10.0.40219.1
Project("{FAE04EC0-301F-11D3-BF4B-00C04F79EFBC}") = "Downloader", "Downloader/Downloader.csproj", "{d42f4c90-c837-4704-8563-194d9392b9c7}"
EndProject
Global
	GlobalSection(SolutionConfigurationPlatforms) = preSolution
		Debug|Any CPU = Debug|Any CPU
		Release|Any CPU = Release|Any CPU
	EndGlobalSection
	GlobalSection(ProjectConfigurationPlatforms) = postSolution
		{d42f4c90-c837-4704-8563-194d9392b9c7}.Debug|Any CPU.ActiveCfg = Debug|Any CPU
		{d42f4c90-c837-4704-8563-194d9392b9c7}.Debug|Any CPU.Build.0 = Debug|Any CPU
		{d42f4c90-c837-4704-8563-194d9392b9c7}.Release|Any CPU.ActiveCfg = Release|Any CPU
		{d42f4c90-c837-4704-8563-194d9392b9c7}.Release|Any CPU.Build.0 = Release|Any CPU

	EndGlobalSection
	GlobalSection(SolutionProperties) = preSolution
		HideSolutionNode = FALSE
	EndGlobalSection
EndGlobal
