
Microsoft Visual Studio Solution File, Format Version 12.00
# Visual Studio 15
VisualStudioVersion = 15.0.27428.2005
MinimumVisualStudioVersion = 10.0.40219.1
Project("{FAE04EC0-301F-11D3-BF4B-00C04F79EFBC}") = "MimeTypeConverter", "MimeTypeConverter\MimeTypeConverter\MimeTypeConverter.csproj", "{69CD0076-F0B9-4DB0-96BD-C027B5272ADE}"
EndProject
Project("{FAE04EC0-301F-11D3-BF4B-00C04F79EFBC}") = "MimeTypeConverter.Tizen.TV", "MimeTypeConverter\MimeTypeConverter.Tizen.TV\MimeTypeConverter.Tizen.TV.csproj", "{118B34BC-727A-45AB-9465-DF372118B68C}"
EndProject
Global
	GlobalSection(SolutionConfigurationPlatforms) = preSolution
		Debug|Any CPU = Debug|Any CPU
		Release|Any CPU = Release|Any CPU
	EndGlobalSection
	GlobalSection(ProjectConfigurationPlatforms) = postSolution
		{69CD0076-F0B9-4DB0-96BD-C027B5272ADE}.Debug|Any CPU.ActiveCfg = Debug|Any CPU
		{69CD0076-F0B9-4DB0-96BD-C027B5272ADE}.Debug|Any CPU.Build.0 = Debug|Any CPU
		{69CD0076-F0B9-4DB0-96BD-C027B5272ADE}.Release|Any CPU.ActiveCfg = Release|Any CPU
		{69CD0076-F0B9-4DB0-96BD-C027B5272ADE}.Release|Any CPU.Build.0 = Release|Any CPU
		{118B34BC-727A-45AB-9465-DF372118B68C}.Debug|Any CPU.ActiveCfg = Debug|Any CPU
		{118B34BC-727A-45AB-9465-DF372118B68C}.Debug|Any CPU.Build.0 = Debug|Any CPU
		{118B34BC-727A-45AB-9465-DF372118B68C}.Release|Any CPU.ActiveCfg = Release|Any CPU
		{118B34BC-727A-45AB-9465-DF372118B68C}.Release|Any CPU.Build.0 = Release|Any CPU
	EndGlobalSection
	GlobalSection(SolutionProperties) = preSolution
		HideSolutionNode = FALSE
	EndGlobalSection
	GlobalSection(ExtensibilityGlobals) = postSolution
		SolutionGuid = {11C6D4F8-3EA6-4E01-8392-1504C22965F3}
	EndGlobalSection
EndGlobal
