
Microsoft Visual Studio Solution File, Format Version 12.00
# Visual Studio 15
VisualStudioVersion = 15.0.27004.2002
MinimumVisualStudioVersion = 10.0.40219.1
Project("{9A19103F-16F7-4668-BE54-9A1E7A4F7556}") = "MediaContent", "MediaContent\MediaContent\MediaContent.csproj", "{EB31B892-4258-4AF9-BDE7-1463A7B93E56}"
EndProject
Project("{9A19103F-16F7-4668-BE54-9A1E7A4F7556}") = "MediaContent.Tizen.Mobile", "MediaContent\MediaContent.Tizen.Mobile\MediaContent.Tizen.Mobile.csproj", "{C37D229E-00DA-428D-A41F-1669F06CF3A3}"
EndProject
Global
	GlobalSection(SolutionConfigurationPlatforms) = preSolution
		Debug|Any CPU = Debug|Any CPU
		Release|Any CPU = Release|Any CPU
	EndGlobalSection
	GlobalSection(ProjectConfigurationPlatforms) = postSolution
		{EB31B892-4258-4AF9-BDE7-1463A7B93E56}.Debug|Any CPU.ActiveCfg = Debug|Any CPU
		{EB31B892-4258-4AF9-BDE7-1463A7B93E56}.Debug|Any CPU.Build.0 = Debug|Any CPU
		{EB31B892-4258-4AF9-BDE7-1463A7B93E56}.Release|Any CPU.ActiveCfg = Release|Any CPU
		{EB31B892-4258-4AF9-BDE7-1463A7B93E56}.Release|Any CPU.Build.0 = Release|Any CPU
		{C37D229E-00DA-428D-A41F-1669F06CF3A3}.Debug|Any CPU.ActiveCfg = Debug|Any CPU
		{C37D229E-00DA-428D-A41F-1669F06CF3A3}.Debug|Any CPU.Build.0 = Debug|Any CPU
		{C37D229E-00DA-428D-A41F-1669F06CF3A3}.Release|Any CPU.ActiveCfg = Release|Any CPU
		{C37D229E-00DA-428D-A41F-1669F06CF3A3}.Release|Any CPU.Build.0 = Release|Any CPU
	EndGlobalSection
	GlobalSection(SolutionProperties) = preSolution
		HideSolutionNode = FALSE
	EndGlobalSection
	GlobalSection(ExtensibilityGlobals) = postSolution
		SolutionGuid = {ACF172D1-CDD3-4271-85FF-7D92B9AC470A}
	EndGlobalSection
EndGlobal
