
Microsoft Visual Studio Solution File, Format Version 12.00
# Visual Studio 15
VisualStudioVersion = 15.0.27004.2002
MinimumVisualStudioVersion = 10.0.40219.1
Project("{FAE04EC0-301F-11D3-BF4B-00C04F79EFBC}") = "CalendarComponent", "CalendarComponent\CalendarComponent\CalendarComponent.csproj", "{1521A27E-DC13-4D53-935F-BD7BD28D4998}"
EndProject
Project("{FAE04EC0-301F-11D3-BF4B-00C04F79EFBC}") = "CalendarComponent.Tizen.TV", "CalendarComponent\CalendarComponent.Tizen.TV\CalendarComponent.Tizen.TV.csproj", "{6DDFE1B6-62A6-4813-8ED2-67DF6F445E8C}"
EndProject
Global
	GlobalSection(SolutionConfigurationPlatforms) = preSolution
		Debug|Any CPU = Debug|Any CPU
		Release|Any CPU = Release|Any CPU
	EndGlobalSection
	GlobalSection(ProjectConfigurationPlatforms) = postSolution
		{1521A27E-DC13-4D53-935F-BD7BD28D4998}.Debug|Any CPU.ActiveCfg = Release|Any CPU
		{1521A27E-DC13-4D53-935F-BD7BD28D4998}.Debug|Any CPU.Build.0 = Release|Any CPU
		{1521A27E-DC13-4D53-935F-BD7BD28D4998}.Release|Any CPU.ActiveCfg = Release|Any CPU
		{1521A27E-DC13-4D53-935F-BD7BD28D4998}.Release|Any CPU.Build.0 = Release|Any CPU
		{FF5F2EA2-CA71-4854-9BB5-4FACDBBC1431}.Debug|Any CPU.ActiveCfg = Debug|Any CPU
		{FF5F2EA2-CA71-4854-9BB5-4FACDBBC1431}.Debug|Any CPU.Build.0 = Debug|Any CPU
		{FF5F2EA2-CA71-4854-9BB5-4FACDBBC1431}.Release|Any CPU.ActiveCfg = Release|Any CPU
		{FF5F2EA2-CA71-4854-9BB5-4FACDBBC1431}.Release|Any CPU.Build.0 = Release|Any CPU
		{6DDFE1B6-62A6-4813-8ED2-67DF6F445E8C}.Debug|Any CPU.ActiveCfg = Debug|Any CPU
		{6DDFE1B6-62A6-4813-8ED2-67DF6F445E8C}.Debug|Any CPU.Build.0 = Debug|Any CPU
		{6DDFE1B6-62A6-4813-8ED2-67DF6F445E8C}.Release|Any CPU.ActiveCfg = Release|Any CPU
		{6DDFE1B6-62A6-4813-8ED2-67DF6F445E8C}.Release|Any CPU.Build.0 = Release|Any CPU
	EndGlobalSection
	GlobalSection(SolutionProperties) = preSolution
		HideSolutionNode = FALSE
	EndGlobalSection
	GlobalSection(ExtensibilityGlobals) = postSolution
		SolutionGuid = {816D9AD5-6D86-4DAE-A3F5-B2A66BD6A1B9}
	EndGlobalSection
EndGlobal
