
Microsoft Visual Studio Solution File, Format Version 12.00
# Visual Studio 15
VisualStudioVersion = 15.0.27004.2009
MinimumVisualStudioVersion = 10.0.40219.1
Project("{FAE04EC0-301F-11D3-BF4B-00C04F79EFBC}") = "SecureRepository", "SecureRepository\SecureRepository\SecureRepository.csproj", "{3C7AAA0E-1E90-4177-811C-2C87BB9DD21A}"
EndProject
Project("{FAE04EC0-301F-11D3-BF4B-00C04F79EFBC}") = "SecureRepository.Tizen.TV", "SecureRepository\SecureRepository.Tizen.TV\SecureRepository.Tizen.TV.csproj", "{18280C50-8998-4854-9837-0D1106528F8E}"
EndProject
Global
	GlobalSection(SolutionConfigurationPlatforms) = preSolution
		Debug|Any CPU = Debug|Any CPU
		Release|Any CPU = Release|Any CPU
	EndGlobalSection
	GlobalSection(ProjectConfigurationPlatforms) = postSolution
		{3C7AAA0E-1E90-4177-811C-2C87BB9DD21A}.Debug|Any CPU.ActiveCfg = Debug|Any CPU
		{3C7AAA0E-1E90-4177-811C-2C87BB9DD21A}.Debug|Any CPU.Build.0 = Debug|Any CPU
		{3C7AAA0E-1E90-4177-811C-2C87BB9DD21A}.Release|Any CPU.ActiveCfg = Release|Any CPU
		{3C7AAA0E-1E90-4177-811C-2C87BB9DD21A}.Release|Any CPU.Build.0 = Release|Any CPU
		{18280C50-8998-4854-9837-0D1106528F8E}.Debug|Any CPU.ActiveCfg = Debug|Any CPU
		{18280C50-8998-4854-9837-0D1106528F8E}.Debug|Any CPU.Build.0 = Debug|Any CPU
		{18280C50-8998-4854-9837-0D1106528F8E}.Release|Any CPU.ActiveCfg = Release|Any CPU
		{18280C50-8998-4854-9837-0D1106528F8E}.Release|Any CPU.Build.0 = Release|Any CPU
	EndGlobalSection
	GlobalSection(SolutionProperties) = preSolution
		HideSolutionNode = FALSE
	EndGlobalSection
	GlobalSection(ExtensibilityGlobals) = postSolution
		SolutionGuid = {4C5FB301-9A8D-42E0-AF01-A772B05554C6}
	EndGlobalSection
EndGlobal
