
Microsoft Visual Studio Solution File, Format Version 12.00
# Visual Studio 15
VisualStudioVersion = 15.0.27703.2042
MinimumVisualStudioVersion = 10.0.40219.1
Project("{FAE04EC0-301F-11D3-BF4B-00C04F79EFBC}") = "SQLite.NET.Sample", "SQLite.NET.Sample\SQLite.NET.Sample.csproj", "{59D9B629-54DB-4722-9BBC-C41ED43976D0}"
EndProject
Global
	GlobalSection(SolutionConfigurationPlatforms) = preSolution
		Debug|Any CPU = Debug|Any CPU
		Release|Any CPU = Release|Any CPU
	EndGlobalSection
	GlobalSection(ProjectConfigurationPlatforms) = postSolution
		{59D9B629-54DB-4722-9BBC-C41ED43976D0}.Debug|Any CPU.ActiveCfg = Debug|Any CPU
		{59D9B629-54DB-4722-9BBC-C41ED43976D0}.Debug|Any CPU.Build.0 = Debug|Any CPU
		{59D9B629-54DB-4722-9BBC-C41ED43976D0}.Release|Any CPU.ActiveCfg = Release|Any CPU
		{59D9B629-54DB-4722-9BBC-C41ED43976D0}.Release|Any CPU.Build.0 = Release|Any CPU
	EndGlobalSection
	GlobalSection(SolutionProperties) = preSolution
		HideSolutionNode = FALSE
	EndGlobalSection
	GlobalSection(ExtensibilityGlobals) = postSolution
		SolutionGuid = {58893A9B-1491-4646-8439-414045FA8306}
	EndGlobalSection
EndGlobal
