
Microsoft Visual Studio Solution File, Format Version 12.00
# Visual Studio Version 16
VisualStudioVersion = 16.0.30711.63
MinimumVisualStudioVersion = 10.0.40219.1
Project("{FAE04EC0-301F-11D3-BF4B-00C04F79EFBC}") = "ScrollableBaseExample", "ScrollableBaseExample\ScrollableBaseExample.csproj", "{8072DBB5-FB96-42E2-A1FB-460503372FCE}"
EndProject
Global
	GlobalSection(SolutionConfigurationPlatforms) = preSolution
		Debug|Any CPU = Debug|Any CPU
		Release|Any CPU = Release|Any CPU
	EndGlobalSection
	GlobalSection(ProjectConfigurationPlatforms) = postSolution
		{8072DBB5-FB96-42E2-A1FB-460503372FCE}.Debug|Any CPU.ActiveCfg = Debug|Any CPU
		{8072DBB5-FB96-42E2-A1FB-460503372FCE}.Debug|Any CPU.Build.0 = Debug|Any CPU
		{8072DBB5-FB96-42E2-A1FB-460503372FCE}.Release|Any CPU.ActiveCfg = Release|Any CPU
		{8072DBB5-FB96-42E2-A1FB-460503372FCE}.Release|Any CPU.Build.0 = Release|Any CPU
	EndGlobalSection
	GlobalSection(SolutionProperties) = preSolution
		HideSolutionNode = FALSE
	EndGlobalSection
	GlobalSection(ExtensibilityGlobals) = postSolution
		SolutionGuid = {7775B4C0-AF04-4192-A9B8-F607746CFF5F}
	EndGlobalSection
EndGlobal
