
Microsoft Visual Studio Solution File, Format Version 12.00
# Visual Studio Version 16
VisualStudioVersion = 16.0.29209.62
MinimumVisualStudioVersion = 10.0.40219.1
Project("{FAE04EC0-301F-11D3-BF4B-00C04F79EFBC}") = "WebProxySample", "WebProxySample\WebProxySample.csproj", "{0D092FC8-0235-41D9-9467-19D97549CB9F}"
EndProject
Global
	GlobalSection(SolutionConfigurationPlatforms) = preSolution
		Debug|Any CPU = Debug|Any CPU
		Release|Any CPU = Release|Any CPU
	EndGlobalSection
	GlobalSection(ProjectConfigurationPlatforms) = postSolution
		{0D092FC8-0235-41D9-9467-19D97549CB9F}.Debug|Any CPU.ActiveCfg = Debug|Any CPU
		{0D092FC8-0235-41D9-9467-19D97549CB9F}.Debug|Any CPU.Build.0 = Debug|Any CPU
		{0D092FC8-0235-41D9-9467-19D97549CB9F}.Release|Any CPU.ActiveCfg = Release|Any CPU
		{0D092FC8-0235-41D9-9467-19D97549CB9F}.Release|Any CPU.Build.0 = Release|Any CPU
	EndGlobalSection
	GlobalSection(SolutionProperties) = preSolution
		HideSolutionNode = FALSE
	EndGlobalSection
	GlobalSection(ExtensibilityGlobals) = postSolution
		SolutionGuid = {CCDD5C5A-B0FD-48C8-8673-5EABA212FD73}
	EndGlobalSection
EndGlobal
