
Microsoft Visual Studio Solution File, Format Version 12.00
# Visual Studio Version 16
VisualStudioVersion = 16.0.29613.14
MinimumVisualStudioVersion = 10.0.40219.1
Project("{9A19103F-16F7-4668-BE54-9A1E7A4F7556}") = "TextClassification", "TextClassification\TextClassification\TextClassification.csproj", "{785D6D08-79F5-4570-85D2-C9A4DF840F09}"
EndProject
Project("{9A19103F-16F7-4668-BE54-9A1E7A4F7556}") = "TextClassification.Tizen.Mobile", "TextClassification\TextClassification.Tizen.Mobile\TextClassification.Tizen.Mobile.csproj", "{23BF5C45-F457-4882-99C3-3D53BEDFF36A}"
EndProject
Global
	GlobalSection(SolutionConfigurationPlatforms) = preSolution
		Debug|Any CPU = Debug|Any CPU
		Release|Any CPU = Release|Any CPU
	EndGlobalSection
	GlobalSection(ProjectConfigurationPlatforms) = postSolution
		{785D6D08-79F5-4570-85D2-C9A4DF840F09}.Debug|Any CPU.ActiveCfg = Debug|Any CPU
		{785D6D08-79F5-4570-85D2-C9A4DF840F09}.Debug|Any CPU.Build.0 = Debug|Any CPU
		{785D6D08-79F5-4570-85D2-C9A4DF840F09}.Release|Any CPU.ActiveCfg = Release|Any CPU
		{785D6D08-79F5-4570-85D2-C9A4DF840F09}.Release|Any CPU.Build.0 = Release|Any CPU
		{23BF5C45-F457-4882-99C3-3D53BEDFF36A}.Debug|Any CPU.ActiveCfg = Debug|Any CPU
		{23BF5C45-F457-4882-99C3-3D53BEDFF36A}.Debug|Any CPU.Build.0 = Debug|Any CPU
		{23BF5C45-F457-4882-99C3-3D53BEDFF36A}.Release|Any CPU.ActiveCfg = Release|Any CPU
		{23BF5C45-F457-4882-99C3-3D53BEDFF36A}.Release|Any CPU.Build.0 = Release|Any CPU
	EndGlobalSection
	GlobalSection(SolutionProperties) = preSolution
		HideSolutionNode = FALSE
	EndGlobalSection
	GlobalSection(ExtensibilityGlobals) = postSolution
		SolutionGuid = {E2FB2B31-08E1-49F9-B852-82EEB6734C4C}
	EndGlobalSection
EndGlobal
