
Microsoft Visual Studio Solution File, Format Version 12.00
# Visual Studio 15
VisualStudioVersion = 15.0.27703.2042
MinimumVisualStudioVersion = 10.0.40219.1
Project("{FAE04EC0-301F-11D3-BF4B-00C04F79EFBC}") = "AmbientWatch", "AmbientWatch\AmbientWatch.csproj", "{CA4FCC4C-5B9C-4CFB-8327-FB087532F992}"
EndProject
Global
	GlobalSection(SolutionConfigurationPlatforms) = preSolution
		Debug|Any CPU = Debug|Any CPU
		Release|Any CPU = Release|Any CPU
	EndGlobalSection
	GlobalSection(ProjectConfigurationPlatforms) = postSolution
		{CA4FCC4C-5B9C-4CFB-8327-FB087532F992}.Debug|Any CPU.ActiveCfg = Debug|Any CPU
		{CA4FCC4C-5B9C-4CFB-8327-FB087532F992}.Debug|Any CPU.Build.0 = Debug|Any CPU
		{CA4FCC4C-5B9C-4CFB-8327-FB087532F992}.Release|Any CPU.ActiveCfg = Release|Any CPU
		{CA4FCC4C-5B9C-4CFB-8327-FB087532F992}.Release|Any CPU.Build.0 = Release|Any CPU
	EndGlobalSection
	GlobalSection(SolutionProperties) = preSolution
		HideSolutionNode = FALSE
	EndGlobalSection
	GlobalSection(ExtensibilityGlobals) = postSolution
		SolutionGuid = {BDFA5911-A8F7-4753-87DF-70F35979108F}
	EndGlobalSection
EndGlobal
