
Microsoft Visual Studio Solution File, Format Version 12.00
# Visual Studio 15
VisualStudioVersion = 15.0.26730.15
MinimumVisualStudioVersion = 10.0.40219.1
Project("{9A19103F-16F7-4668-BE54-9A1E7A4F7556}") = "ServiceDiscovery", "ServiceDiscovery\ServiceDiscovery\ServiceDiscovery.csproj", "{BEAD388C-750A-4863-8396-B953CCA0EB40}"
EndProject
Project("{9A19103F-16F7-4668-BE54-9A1E7A4F7556}") = "ServiceDiscovery.Tizen.Mobile", "ServiceDiscovery\ServiceDiscovery.Tizen.Mobile\ServiceDiscovery.Tizen.Mobile.csproj", "{0644C9C8-F26F-42D1-9869-78522D4C8C71}"
EndProject
Global
	GlobalSection(SolutionConfigurationPlatforms) = preSolution
		Debug|Any CPU = Debug|Any CPU
		Release|Any CPU = Release|Any CPU
	EndGlobalSection
	GlobalSection(ProjectConfigurationPlatforms) = postSolution
		{BEAD388C-750A-4863-8396-B953CCA0EB40}.Debug|Any CPU.ActiveCfg = Debug|Any CPU
		{BEAD388C-750A-4863-8396-B953CCA0EB40}.Debug|Any CPU.Build.0 = Debug|Any CPU
		{BEAD388C-750A-4863-8396-B953CCA0EB40}.Release|Any CPU.ActiveCfg = Release|Any CPU
		{BEAD388C-750A-4863-8396-B953CCA0EB40}.Release|Any CPU.Build.0 = Release|Any CPU
		{0644C9C8-F26F-42D1-9869-78522D4C8C71}.Debug|Any CPU.ActiveCfg = Debug|Any CPU
		{0644C9C8-F26F-42D1-9869-78522D4C8C71}.Debug|Any CPU.Build.0 = Debug|Any CPU
		{0644C9C8-F26F-42D1-9869-78522D4C8C71}.Release|Any CPU.ActiveCfg = Release|Any CPU
		{0644C9C8-F26F-42D1-9869-78522D4C8C71}.Release|Any CPU.Build.0 = Release|Any CPU
	EndGlobalSection
	GlobalSection(SolutionProperties) = preSolution
		HideSolutionNode = FALSE
	EndGlobalSection
	GlobalSection(ExtensibilityGlobals) = postSolution
		SolutionGuid = {39A5F227-3AEF-4AAC-A3A3-F8F5B82842F2}
	EndGlobalSection
EndGlobal
