
Microsoft Visual Studio Solution File, Format Version 12.00
# Visual Studio 15
VisualStudioVersion = 15.0.26730.12
MinimumVisualStudioVersion = 10.0.40219.1
Project("{FAE04EC0-301F-11D3-BF4B-00C04F79EFBC}") = "Calendar", "Calendar\Calendar\Calendar.csproj", "{AA2BFCBF-B83B-412C-B2F1-C1CA2F57159C}"
EndProject
Project("{FAE04EC0-301F-11D3-BF4B-00C04F79EFBC}") = "Calendar.Tizen.Mobile", "Calendar\Calendar.Tizen.Mobile\Calendar.Tizen.Mobile.csproj", "{5DCBC3C1-E52E-4D09-B321-7196709E55A7}"
EndProject
Global
	GlobalSection(SolutionConfigurationPlatforms) = preSolution
		Debug|Any CPU = Debug|Any CPU
		Release|Any CPU = Release|Any CPU
	EndGlobalSection
	GlobalSection(ProjectConfigurationPlatforms) = postSolution
		{AA2BFCBF-B83B-412C-B2F1-C1CA2F57159C}.Debug|Any CPU.ActiveCfg = Debug|Any CPU
		{AA2BFCBF-B83B-412C-B2F1-C1CA2F57159C}.Debug|Any CPU.Build.0 = Debug|Any CPU
		{AA2BFCBF-B83B-412C-B2F1-C1CA2F57159C}.Release|Any CPU.ActiveCfg = Release|Any CPU
		{AA2BFCBF-B83B-412C-B2F1-C1CA2F57159C}.Release|Any CPU.Build.0 = Release|Any CPU
		{5DCBC3C1-E52E-4D09-B321-7196709E55A7}.Debug|Any CPU.ActiveCfg = Debug|Any CPU
		{5DCBC3C1-E52E-4D09-B321-7196709E55A7}.Debug|Any CPU.Build.0 = Debug|Any CPU
		{5DCBC3C1-E52E-4D09-B321-7196709E55A7}.Release|Any CPU.ActiveCfg = Release|Any CPU
		{5DCBC3C1-E52E-4D09-B321-7196709E55A7}.Release|Any CPU.Build.0 = Release|Any CPU
	EndGlobalSection
	GlobalSection(SolutionProperties) = preSolution
		HideSolutionNode = FALSE
	EndGlobalSection
	GlobalSection(ExtensibilityGlobals) = postSolution
		SolutionGuid = {762A2793-5AF1-4794-88DB-689C7EA60EDE}
	EndGlobalSection
EndGlobal
