
Microsoft Visual Studio Solution File, Format Version 12.00
# Visual Studio 15
VisualStudioVersion = 15.0.28307.106
MinimumVisualStudioVersion = 10.0.40219.1
Project("{FAE04EC0-301F-11D3-BF4B-00C04F79EFBC}") = "TextLabelSample", "TextLabelSample\TextLabelSample.csproj", "{7420866F-75CF-4032-AACF-D688ED7211F4}"
EndProject
Global
	GlobalSection(SolutionConfigurationPlatforms) = preSolution
		Debug|Any CPU = Debug|Any CPU
		Release|Any CPU = Release|Any CPU
	EndGlobalSection
	GlobalSection(ProjectConfigurationPlatforms) = postSolution
		{7420866F-75CF-4032-AACF-D688ED7211F4}.Debug|Any CPU.ActiveCfg = Debug|Any CPU
		{7420866F-75CF-4032-AACF-D688ED7211F4}.Debug|Any CPU.Build.0 = Debug|Any CPU
		{7420866F-75CF-4032-AACF-D688ED7211F4}.Release|Any CPU.ActiveCfg = Release|Any CPU
		{7420866F-75CF-4032-AACF-D688ED7211F4}.Release|Any CPU.Build.0 = Release|Any CPU
	EndGlobalSection
	GlobalSection(SolutionProperties) = preSolution
		HideSolutionNode = FALSE
	EndGlobalSection
	GlobalSection(ExtensibilityGlobals) = postSolution
		SolutionGuid = {851D2FED-DC33-4602-91D0-A8AEB51295F6}
	EndGlobalSection
EndGlobal
