
Microsoft Visual Studio Solution File, Format Version 12.00
# Visual Studio 15
VisualStudioVersion = 15.0.26730.8
MinimumVisualStudioVersion = 10.0.40219.1
Project("{FAE04EC0-301F-11D3-BF4B-00C04F79EFBC}") = "Settings", "Settings\Settings\Settings.csproj", "{06A8FE92-A297-4662-852D-FFF291990C9D}"
EndProject
Project("{FAE04EC0-301F-11D3-BF4B-00C04F79EFBC}") = "Settings.Tizen.Mobile", "Settings\Settings.Tizen.Mobile\Settings.Tizen.Mobile.csproj", "{D1F6B8A2-4832-487A-A4C9-704641E3E7D8}"
EndProject
Global
	GlobalSection(SolutionConfigurationPlatforms) = preSolution
		Debug|Any CPU = Debug|Any CPU
		Release|Any CPU = Release|Any CPU
	EndGlobalSection
	GlobalSection(ProjectConfigurationPlatforms) = postSolution
		{06A8FE92-A297-4662-852D-FFF291990C9D}.Debug|Any CPU.ActiveCfg = Debug|Any CPU
		{06A8FE92-A297-4662-852D-FFF291990C9D}.Debug|Any CPU.Build.0 = Debug|Any CPU
		{06A8FE92-A297-4662-852D-FFF291990C9D}.Release|Any CPU.ActiveCfg = Release|Any CPU
		{06A8FE92-A297-4662-852D-FFF291990C9D}.Release|Any CPU.Build.0 = Release|Any CPU
		{D1F6B8A2-4832-487A-A4C9-704641E3E7D8}.Debug|Any CPU.ActiveCfg = Debug|Any CPU
		{D1F6B8A2-4832-487A-A4C9-704641E3E7D8}.Debug|Any CPU.Build.0 = Debug|Any CPU
		{D1F6B8A2-4832-487A-A4C9-704641E3E7D8}.Release|Any CPU.ActiveCfg = Release|Any CPU
		{D1F6B8A2-4832-487A-A4C9-704641E3E7D8}.Release|Any CPU.Build.0 = Release|Any CPU
	EndGlobalSection
	GlobalSection(SolutionProperties) = preSolution
		HideSolutionNode = FALSE
	EndGlobalSection
	GlobalSection(ExtensibilityGlobals) = postSolution
		SolutionGuid = {B24B1B07-085C-4C93-9ABA-A7F31FEFBADD}
	EndGlobalSection
EndGlobal
