
Microsoft Visual Studio Solution File, Format Version 12.00
# Visual Studio 15
VisualStudioVersion = 15.0.27004.2005
MinimumVisualStudioVersion = 10.0.40219.1
Project("{FAE04EC0-301F-11D3-BF4B-00C04F79EFBC}") = "Gallery", "Gallery\Gallery\Gallery.csproj", "{A2C9CAC1-55DB-431C-8C1F-4C90D9679571}"
EndProject
Project("{9A19103F-16F7-4668-BE54-9A1E7A4F7556}") = "Gallery.TizenTV", "Gallery\Gallery.TizenTV\Gallery.TizenTV.csproj", "{36EE0866-B108-4A6B-8A5B-41F4A8C72BAC}"
EndProject
Global
	GlobalSection(SolutionConfigurationPlatforms) = preSolution
		Ad-Hoc|Any CPU = Ad-Hoc|Any CPU
		Ad-Hoc|ARM = Ad-Hoc|ARM
		Ad-Hoc|iPhone = Ad-Hoc|iPhone
		Ad-Hoc|iPhoneSimulator = Ad-Hoc|iPhoneSimulator
		Ad-Hoc|x64 = Ad-Hoc|x64
		Ad-Hoc|x86 = Ad-Hoc|x86
		AppStore|Any CPU = AppStore|Any CPU
		AppStore|ARM = AppStore|ARM
		AppStore|iPhone = AppStore|iPhone
		AppStore|iPhoneSimulator = AppStore|iPhoneSimulator
		AppStore|x64 = AppStore|x64
		AppStore|x86 = AppStore|x86
		Debug|Any CPU = Debug|Any CPU
		Debug|ARM = Debug|ARM
		Debug|iPhone = Debug|iPhone
		Debug|iPhoneSimulator = Debug|iPhoneSimulator
		Debug|x64 = Debug|x64
		Debug|x86 = Debug|x86
		Release|Any CPU = Release|Any CPU
		Release|ARM = Release|ARM
		Release|iPhone = Release|iPhone
		Release|iPhoneSimulator = Release|iPhoneSimulator
		Release|x64 = Release|x64
		Release|x86 = Release|x86
	EndGlobalSection
	GlobalSection(ProjectConfigurationPlatforms) = postSolution
		{A2C9CAC1-55DB-431C-8C1F-4C90D9679571}.Ad-Hoc|Any CPU.ActiveCfg = Release|Any CPU
		{A2C9CAC1-55DB-431C-8C1F-4C90D9679571}.Ad-Hoc|Any CPU.Build.0 = Release|Any CPU
		{A2C9CAC1-55DB-431C-8C1F-4C90D9679571}.Ad-Hoc|ARM.ActiveCfg = Release|Any CPU
		{A2C9CAC1-55DB-431C-8C1F-4C90D9679571}.Ad-Hoc|ARM.Build.0 = Release|Any CPU
		{A2C9CAC1-55DB-431C-8C1F-4C90D9679571}.Ad-Hoc|iPhone.ActiveCfg = Release|Any CPU
		{A2C9CAC1-55DB-431C-8C1F-4C90D9679571}.Ad-Hoc|iPhone.Build.0 = Release|Any CPU
		{A2C9CAC1-55DB-431C-8C1F-4C90D9679571}.Ad-Hoc|iPhoneSimulator.ActiveCfg = Release|Any CPU
		{A2C9CAC1-55DB-431C-8C1F-4C90D9679571}.Ad-Hoc|iPhoneSimulator.Build.0 = Release|Any CPU
		{A2C9CAC1-55DB-431C-8C1F-4C90D9679571}.Ad-Hoc|x64.ActiveCfg = Release|Any CPU
		{A2C9CAC1-55DB-431C-8C1F-4C90D9679571}.Ad-Hoc|x64.Build.0 = Release|Any CPU
		{A2C9CAC1-55DB-431C-8C1F-4C90D9679571}.Ad-Hoc|x86.ActiveCfg = Release|Any CPU
		{A2C9CAC1-55DB-431C-8C1F-4C90D9679571}.Ad-Hoc|x86.Build.0 = Release|Any CPU
		{A2C9CAC1-55DB-431C-8C1F-4C90D9679571}.AppStore|Any CPU.ActiveCfg = Release|Any CPU
		{A2C9CAC1-55DB-431C-8C1F-4C90D9679571}.AppStore|Any CPU.Build.0 = Release|Any CPU
		{A2C9CAC1-55DB-431C-8C1F-4C90D9679571}.AppStore|ARM.ActiveCfg = Release|Any CPU
		{A2C9CAC1-55DB-431C-8C1F-4C90D9679571}.AppStore|ARM.Build.0 = Release|Any CPU
		{A2C9CAC1-55DB-431C-8C1F-4C90D9679571}.AppStore|iPhone.ActiveCfg = Release|Any CPU
		{A2C9CAC1-55DB-431C-8C1F-4C90D9679571}.AppStore|iPhone.Build.0 = Release|Any CPU
		{A2C9CAC1-55DB-431C-8C1F-4C90D9679571}.AppStore|iPhoneSimulator.ActiveCfg = Release|Any CPU
		{A2C9CAC1-55DB-431C-8C1F-4C90D9679571}.AppStore|iPhoneSimulator.Build.0 = Release|Any CPU
		{A2C9CAC1-55DB-431C-8C1F-4C90D9679571}.AppStore|x64.ActiveCfg = Release|Any CPU
		{A2C9CAC1-55DB-431C-8C1F-4C90D9679571}.AppStore|x64.Build.0 = Release|Any CPU
		{A2C9CAC1-55DB-431C-8C1F-4C90D9679571}.AppStore|x86.ActiveCfg = Release|Any CPU
		{A2C9CAC1-55DB-431C-8C1F-4C90D9679571}.AppStore|x86.Build.0 = Release|Any CPU
		{A2C9CAC1-55DB-431C-8C1F-4C90D9679571}.Debug|Any CPU.ActiveCfg = Debug|Any CPU
		{A2C9CAC1-55DB-431C-8C1F-4C90D9679571}.Debug|Any CPU.Build.0 = Debug|Any CPU
		{A2C9CAC1-55DB-431C-8C1F-4C90D9679571}.Debug|ARM.ActiveCfg = Debug|Any CPU
		{A2C9CAC1-55DB-431C-8C1F-4C90D9679571}.Debug|ARM.Build.0 = Debug|Any CPU
		{A2C9CAC1-55DB-431C-8C1F-4C90D9679571}.Debug|iPhone.ActiveCfg = Debug|Any CPU
		{A2C9CAC1-55DB-431C-8C1F-4C90D9679571}.Debug|iPhone.Build.0 = Debug|Any CPU
		{A2C9CAC1-55DB-431C-8C1F-4C90D9679571}.Debug|iPhoneSimulator.ActiveCfg = Debug|Any CPU
		{A2C9CAC1-55DB-431C-8C1F-4C90D9679571}.Debug|iPhoneSimulator.Build.0 = Debug|Any CPU
		{A2C9CAC1-55DB-431C-8C1F-4C90D9679571}.Debug|x64.ActiveCfg = Debug|Any CPU
		{A2C9CAC1-55DB-431C-8C1F-4C90D9679571}.Debug|x64.Build.0 = Debug|Any CPU
		{A2C9CAC1-55DB-431C-8C1F-4C90D9679571}.Debug|x86.ActiveCfg = Debug|Any CPU
		{A2C9CAC1-55DB-431C-8C1F-4C90D9679571}.Debug|x86.Build.0 = Debug|Any CPU
		{A2C9CAC1-55DB-431C-8C1F-4C90D9679571}.Release|Any CPU.ActiveCfg = Release|Any CPU
		{A2C9CAC1-55DB-431C-8C1F-4C90D9679571}.Release|Any CPU.Build.0 = Release|Any CPU
		{A2C9CAC1-55DB-431C-8C1F-4C90D9679571}.Release|ARM.ActiveCfg = Release|Any CPU
		{A2C9CAC1-55DB-431C-8C1F-4C90D9679571}.Release|ARM.Build.0 = Release|Any CPU
		{A2C9CAC1-55DB-431C-8C1F-4C90D9679571}.Release|iPhone.ActiveCfg = Release|Any CPU
		{A2C9CAC1-55DB-431C-8C1F-4C90D9679571}.Release|iPhone.Build.0 = Release|Any CPU
		{A2C9CAC1-55DB-431C-8C1F-4C90D9679571}.Release|iPhoneSimulator.ActiveCfg = Release|Any CPU
		{A2C9CAC1-55DB-431C-8C1F-4C90D9679571}.Release|iPhoneSimulator.Build.0 = Release|Any CPU
		{A2C9CAC1-55DB-431C-8C1F-4C90D9679571}.Release|x64.ActiveCfg = Release|Any CPU
		{A2C9CAC1-55DB-431C-8C1F-4C90D9679571}.Release|x64.Build.0 = Release|Any CPU
		{A2C9CAC1-55DB-431C-8C1F-4C90D9679571}.Release|x86.ActiveCfg = Release|Any CPU
		{A2C9CAC1-55DB-431C-8C1F-4C90D9679571}.Release|x86.Build.0 = Release|Any CPU
		{36EE0866-B108-4A6B-8A5B-41F4A8C72BAC}.Ad-Hoc|Any CPU.ActiveCfg = Release|Any CPU
		{36EE0866-B108-4A6B-8A5B-41F4A8C72BAC}.Ad-Hoc|Any CPU.Build.0 = Release|Any CPU
		{36EE0866-B108-4A6B-8A5B-41F4A8C72BAC}.Ad-Hoc|ARM.ActiveCfg = Release|Any CPU
		{36EE0866-B108-4A6B-8A5B-41F4A8C72BAC}.Ad-Hoc|ARM.Build.0 = Release|Any CPU
		{36EE0866-B108-4A6B-8A5B-41F4A8C72BAC}.Ad-Hoc|iPhone.ActiveCfg = Release|Any CPU
		{36EE0866-B108-4A6B-8A5B-41F4A8C72BAC}.Ad-Hoc|iPhone.Build.0 = Release|Any CPU
		{36EE0866-B108-4A6B-8A5B-41F4A8C72BAC}.Ad-Hoc|iPhoneSimulator.ActiveCfg = Release|Any CPU
		{36EE0866-B108-4A6B-8A5B-41F4A8C72BAC}.Ad-Hoc|iPhoneSimulator.Build.0 = Release|Any CPU
		{36EE0866-B108-4A6B-8A5B-41F4A8C72BAC}.Ad-Hoc|x64.ActiveCfg = Release|Any CPU
		{36EE0866-B108-4A6B-8A5B-41F4A8C72BAC}.Ad-Hoc|x64.Build.0 = Release|Any CPU
		{36EE0866-B108-4A6B-8A5B-41F4A8C72BAC}.Ad-Hoc|x86.ActiveCfg = Release|Any CPU
		{36EE0866-B108-4A6B-8A5B-41F4A8C72BAC}.Ad-Hoc|x86.Build.0 = Release|Any CPU
		{36EE0866-B108-4A6B-8A5B-41F4A8C72BAC}.AppStore|Any CPU.ActiveCfg = Release|Any CPU
		{36EE0866-B108-4A6B-8A5B-41F4A8C72BAC}.AppStore|Any CPU.Build.0 = Release|Any CPU
		{36EE0866-B108-4A6B-8A5B-41F4A8C72BAC}.AppStore|ARM.ActiveCfg = Release|Any CPU
		{36EE0866-B108-4A6B-8A5B-41F4A8C72BAC}.AppStore|ARM.Build.0 = Release|Any CPU
		{36EE0866-B108-4A6B-8A5B-41F4A8C72BAC}.AppStore|iPhone.ActiveCfg = Release|Any CPU
		{36EE0866-B108-4A6B-8A5B-41F4A8C72BAC}.AppStore|iPhone.Build.0 = Release|Any CPU
		{36EE0866-B108-4A6B-8A5B-41F4A8C72BAC}.AppStore|iPhoneSimulator.ActiveCfg = Release|Any CPU
		{36EE0866-B108-4A6B-8A5B-41F4A8C72BAC}.AppStore|iPhoneSimulator.Build.0 = Release|Any CPU
		{36EE0866-B108-4A6B-8A5B-41F4A8C72BAC}.AppStore|x64.ActiveCfg = Release|Any CPU
		{36EE0866-B108-4A6B-8A5B-41F4A8C72BAC}.AppStore|x64.Build.0 = Release|Any CPU
		{36EE0866-B108-4A6B-8A5B-41F4A8C72BAC}.AppStore|x86.ActiveCfg = Release|Any CPU
		{36EE0866-B108-4A6B-8A5B-41F4A8C72BAC}.AppStore|x86.Build.0 = Release|Any CPU
		{36EE0866-B108-4A6B-8A5B-41F4A8C72BAC}.Debug|Any CPU.ActiveCfg = Debug|Any CPU
		{36EE0866-B108-4A6B-8A5B-41F4A8C72BAC}.Debug|Any CPU.Build.0 = Debug|Any CPU
		{36EE0866-B108-4A6B-8A5B-41F4A8C72BAC}.Debug|ARM.ActiveCfg = Debug|Any CPU
		{36EE0866-B108-4A6B-8A5B-41F4A8C72BAC}.Debug|ARM.Build.0 = Debug|Any CPU
		{36EE0866-B108-4A6B-8A5B-41F4A8C72BAC}.Debug|iPhone.ActiveCfg = Debug|Any CPU
		{36EE0866-B108-4A6B-8A5B-41F4A8C72BAC}.Debug|iPhone.Build.0 = Debug|Any CPU
		{36EE0866-B108-4A6B-8A5B-41F4A8C72BAC}.Debug|iPhoneSimulator.ActiveCfg = Debug|Any CPU
		{36EE0866-B108-4A6B-8A5B-41F4A8C72BAC}.Debug|iPhoneSimulator.Build.0 = Debug|Any CPU
		{36EE0866-B108-4A6B-8A5B-41F4A8C72BAC}.Debug|x64.ActiveCfg = Debug|Any CPU
		{36EE0866-B108-4A6B-8A5B-41F4A8C72BAC}.Debug|x64.Build.0 = Debug|Any CPU
		{36EE0866-B108-4A6B-8A5B-41F4A8C72BAC}.Debug|x86.ActiveCfg = Debug|Any CPU
		{36EE0866-B108-4A6B-8A5B-41F4A8C72BAC}.Debug|x86.Build.0 = Debug|Any CPU
		{36EE0866-B108-4A6B-8A5B-41F4A8C72BAC}.Release|Any CPU.ActiveCfg = Release|Any CPU
		{36EE0866-B108-4A6B-8A5B-41F4A8C72BAC}.Release|Any CPU.Build.0 = Release|Any CPU
		{36EE0866-B108-4A6B-8A5B-41F4A8C72BAC}.Release|ARM.ActiveCfg = Release|Any CPU
		{36EE0866-B108-4A6B-8A5B-41F4A8C72BAC}.Release|ARM.Build.0 = Release|Any CPU
		{36EE0866-B108-4A6B-8A5B-41F4A8C72BAC}.Release|iPhone.ActiveCfg = Release|Any CPU
		{36EE0866-B108-4A6B-8A5B-41F4A8C72BAC}.Release|iPhone.Build.0 = Release|Any CPU
		{36EE0866-B108-4A6B-8A5B-41F4A8C72BAC}.Release|iPhoneSimulator.ActiveCfg = Release|Any CPU
		{36EE0866-B108-4A6B-8A5B-41F4A8C72BAC}.Release|iPhoneSimulator.Build.0 = Release|Any CPU
		{36EE0866-B108-4A6B-8A5B-41F4A8C72BAC}.Release|x64.ActiveCfg = Release|Any CPU
		{36EE0866-B108-4A6B-8A5B-41F4A8C72BAC}.Release|x64.Build.0 = Release|Any CPU
		{36EE0866-B108-4A6B-8A5B-41F4A8C72BAC}.Release|x86.ActiveCfg = Release|Any CPU
		{36EE0866-B108-4A6B-8A5B-41F4A8C72BAC}.Release|x86.Build.0 = Release|Any CPU
	EndGlobalSection
	GlobalSection(SolutionProperties) = preSolution
		HideSolutionNode = FALSE
	EndGlobalSection
	GlobalSection(ExtensibilityGlobals) = postSolution
		SolutionGuid = {B2DD8681-CCB1-429C-9107-9DFF83D70797}
	EndGlobalSection
EndGlobal
