
Microsoft Visual Studio Solution File, Format Version 12.00
# Visual Studio 15
VisualStudioVersion = 15.0.27428.2037
MinimumVisualStudioVersion = 10.0.40219.1
Project("{9A19103F-16F7-4668-BE54-9A1E7A4F7556}") = "BadgeCounter", "BadgeCounter\BadgeCounter\BadgeCounter.csproj", "{2EFCFD4E-C9B0-47E9-99BD-E99683B8CA6F}"
EndProject
Project("{9A19103F-16F7-4668-BE54-9A1E7A4F7556}") = "BadgeCounter.Tizen.Wearable", "BadgeCounter\BadgeCounter.Tizen.Wearable\BadgeCounter.Tizen.Wearable.csproj", "{81A5284B-C91B-4156-8277-6483633F5BB6}"
EndProject
Global
	GlobalSection(SolutionConfigurationPlatforms) = preSolution
		Debug|Any CPU = Debug|Any CPU
		Release|Any CPU = Release|Any CPU
	EndGlobalSection
	GlobalSection(ProjectConfigurationPlatforms) = postSolution
		{2EFCFD4E-C9B0-47E9-99BD-E99683B8CA6F}.Debug|Any CPU.ActiveCfg = Debug|Any CPU
		{2EFCFD4E-C9B0-47E9-99BD-E99683B8CA6F}.Debug|Any CPU.Build.0 = Debug|Any CPU
		{2EFCFD4E-C9B0-47E9-99BD-E99683B8CA6F}.Release|Any CPU.ActiveCfg = Release|Any CPU
		{2EFCFD4E-C9B0-47E9-99BD-E99683B8CA6F}.Release|Any CPU.Build.0 = Release|Any CPU
		{81A5284B-C91B-4156-8277-6483633F5BB6}.Debug|Any CPU.ActiveCfg = Debug|Any CPU
		{81A5284B-C91B-4156-8277-6483633F5BB6}.Debug|Any CPU.Build.0 = Debug|Any CPU
		{81A5284B-C91B-4156-8277-6483633F5BB6}.Release|Any CPU.ActiveCfg = Release|Any CPU
		{81A5284B-C91B-4156-8277-6483633F5BB6}.Release|Any CPU.Build.0 = Release|Any CPU
	EndGlobalSection
	GlobalSection(SolutionProperties) = preSolution
		HideSolutionNode = FALSE
	EndGlobalSection
	GlobalSection(ExtensibilityGlobals) = postSolution
		SolutionGuid = {F9FECA54-6508-4CC0-A617-35FDA0BAD42E}
	EndGlobalSection
EndGlobal
