
Microsoft Visual Studio Solution File, Format Version 12.00
# Visual Studio 15
VisualStudioVersion = 15.0.26730.16
MinimumVisualStudioVersion = 10.0.40219.1
Project("{FAE04EC0-301F-11D3-BF4B-00C04F79EFBC}") = "HeartRateMonitor", "HeartRateMonitor\HeartRateMonitor\HeartRateMonitor.csproj", "{C54AADC3-DDC7-4EE5-BCF8-C3115C95EF04}"
EndProject
Project("{FAE04EC0-301F-11D3-BF4B-00C04F79EFBC}") = "HeartRateMonitor.Tizen.Mobile", "HeartRateMonitor\HeartRateMonitor.Tizen.Mobile\HeartRateMonitor.Tizen.Mobile.csproj", "{8D245856-4100-4030-A12E-7B4139579C89}"
EndProject
Global
	GlobalSection(SolutionConfigurationPlatforms) = preSolution
		Debug|Any CPU = Debug|Any CPU
		Release|Any CPU = Release|Any CPU
	EndGlobalSection
	GlobalSection(ProjectConfigurationPlatforms) = postSolution
		{C54AADC3-DDC7-4EE5-BCF8-C3115C95EF04}.Debug|Any CPU.ActiveCfg = Debug|Any CPU
		{C54AADC3-DDC7-4EE5-BCF8-C3115C95EF04}.Debug|Any CPU.Build.0 = Debug|Any CPU
		{C54AADC3-DDC7-4EE5-BCF8-C3115C95EF04}.Release|Any CPU.ActiveCfg = Release|Any CPU
		{C54AADC3-DDC7-4EE5-BCF8-C3115C95EF04}.Release|Any CPU.Build.0 = Release|Any CPU
		{8D245856-4100-4030-A12E-7B4139579C89}.Debug|Any CPU.ActiveCfg = Debug|Any CPU
		{8D245856-4100-4030-A12E-7B4139579C89}.Debug|Any CPU.Build.0 = Debug|Any CPU
		{8D245856-4100-4030-A12E-7B4139579C89}.Release|Any CPU.ActiveCfg = Release|Any CPU
		{8D245856-4100-4030-A12E-7B4139579C89}.Release|Any CPU.Build.0 = Release|Any CPU
	EndGlobalSection
	GlobalSection(SolutionProperties) = preSolution
		HideSolutionNode = FALSE
	EndGlobalSection
	GlobalSection(ExtensibilityGlobals) = postSolution
		SolutionGuid = {173B9101-DF5A-4D66-A06A-4F7A18570175}
	EndGlobalSection
EndGlobal
