
Microsoft Visual Studio Solution File, Format Version 12.00
# Visual Studio 15
VisualStudioVersion = 15.0.27004.2005
MinimumVisualStudioVersion = 10.0.40219.1
Project("{FAE04EC0-301F-11D3-BF4B-00C04F79EFBC}") = "Location", "Location\Location\Location.csproj", "{A64C2C69-BB9C-4836-891E-D822CFC811A7}"
EndProject
Project("{FAE04EC0-301F-11D3-BF4B-00C04F79EFBC}") = "Location.Tizen.Wearable", "Location\Location.Tizen.Wearable\Location.Tizen.Wearable.csproj", "{ACA7E3EE-5996-4516-914F-7381B6034614}"
EndProject
Global
	GlobalSection(SolutionConfigurationPlatforms) = preSolution
		Debug|Any CPU = Debug|Any CPU
		Release|Any CPU = Release|Any CPU
	EndGlobalSection
	GlobalSection(ProjectConfigurationPlatforms) = postSolution
		{A64C2C69-BB9C-4836-891E-D822CFC811A7}.Debug|Any CPU.ActiveCfg = Debug|Any CPU
		{A64C2C69-BB9C-4836-891E-D822CFC811A7}.Debug|Any CPU.Build.0 = Debug|Any CPU
		{A64C2C69-BB9C-4836-891E-D822CFC811A7}.Release|Any CPU.ActiveCfg = Release|Any CPU
		{A64C2C69-BB9C-4836-891E-D822CFC811A7}.Release|Any CPU.Build.0 = Release|Any CPU
		{ACA7E3EE-5996-4516-914F-7381B6034614}.Debug|Any CPU.ActiveCfg = Debug|Any CPU
		{ACA7E3EE-5996-4516-914F-7381B6034614}.Debug|Any CPU.Build.0 = Debug|Any CPU
		{ACA7E3EE-5996-4516-914F-7381B6034614}.Release|Any CPU.ActiveCfg = Release|Any CPU
		{ACA7E3EE-5996-4516-914F-7381B6034614}.Release|Any CPU.Build.0 = Release|Any CPU
	EndGlobalSection
	GlobalSection(SolutionProperties) = preSolution
		HideSolutionNode = FALSE
	EndGlobalSection
	GlobalSection(ExtensibilityGlobals) = postSolution
		SolutionGuid = {F6A18C62-4130-4FE0-84E6-A0233391E235}
	EndGlobalSection
EndGlobal
