
Microsoft Visual Studio Solution File, Format Version 12.00
# Visual Studio 15
VisualStudioVersion = 15.0.27703.2026
MinimumVisualStudioVersion = 10.0.40219.1
Project("{9A19103F-16F7-4668-BE54-9A1E7A4F7556}") = "SpeechToText", "SpeechToText\SpeechToText.csproj", "{B09B09C4-0667-4349-865A-BB92C8A762A5}"
EndProject
Global
	GlobalSection(SolutionConfigurationPlatforms) = preSolution
		Debug|Any CPU = Debug|Any CPU
		Release|Any CPU = Release|Any CPU
	EndGlobalSection
	GlobalSection(ProjectConfigurationPlatforms) = postSolution
		{B09B09C4-0667-4349-865A-BB92C8A762A5}.Debug|Any CPU.ActiveCfg = Debug|Any CPU
		{B09B09C4-0667-4349-865A-BB92C8A762A5}.Debug|Any CPU.Build.0 = Debug|Any CPU
		{B09B09C4-0667-4349-865A-BB92C8A762A5}.Release|Any CPU.ActiveCfg = Release|Any CPU
		{B09B09C4-0667-4349-865A-BB92C8A762A5}.Release|Any CPU.Build.0 = Release|Any CPU
	EndGlobalSection
	GlobalSection(SolutionProperties) = preSolution
		HideSolutionNode = FALSE
	EndGlobalSection
	GlobalSection(ExtensibilityGlobals) = postSolution
		SolutionGuid = {BDE72983-E24D-4D04-90F4-A8B81A9F81B5}
	EndGlobalSection
EndGlobal
