
Microsoft Visual Studio Solution File, Format Version 12.00
# Visual Studio 15
VisualStudioVersion = 15.0.27004.2005
MinimumVisualStudioVersion = 10.0.40219.1
Project("{9A19103F-16F7-4668-BE54-9A1E7A4F7556}") = "VisualSample", "VisualSample\VisualSample.csproj", "{BCFAD29A-921D-4879-A094-FD200D0A2DD4}"
EndProject
Global
	GlobalSection(SolutionConfigurationPlatforms) = preSolution
		Debug|Any CPU = Debug|Any CPU
		Release|Any CPU = Release|Any CPU
	EndGlobalSection
	GlobalSection(ProjectConfigurationPlatforms) = postSolution
		{BCFAD29A-921D-4879-A094-FD200D0A2DD4}.Debug|Any CPU.ActiveCfg = Debug|Any CPU
		{BCFAD29A-921D-4879-A094-FD200D0A2DD4}.Debug|Any CPU.Build.0 = Debug|Any CPU
		{BCFAD29A-921D-4879-A094-FD200D0A2DD4}.Release|Any CPU.ActiveCfg = Release|Any CPU
		{BCFAD29A-921D-4879-A094-FD200D0A2DD4}.Release|Any CPU.Build.0 = Release|Any CPU
	EndGlobalSection
	GlobalSection(SolutionProperties) = preSolution
		HideSolutionNode = FALSE
	EndGlobalSection
	GlobalSection(ExtensibilityGlobals) = postSolution
		SolutionGuid = {51811D09-F82C-4F08-8264-6A2730785E28}
	EndGlobalSection
EndGlobal
