
Microsoft Visual Studio Solution File, Format Version 12.00
# Visual Studio 15
VisualStudioVersion = 15.0.27004.2002
MinimumVisualStudioVersion = 10.0.40219.1
Project("{FAE04EC0-301F-11D3-BF4B-00C04F79EFBC}") = "Stopwatch", "Stopwatch\Stopwatch\Stopwatch.csproj", "{4C7545F2-A742-43B2-98D5-4E37FC965B9B}"
EndProject
Project("{FAE04EC0-301F-11D3-BF4B-00C04F79EFBC}") = "Stopwatch.Tizen.TV", "Stopwatch\Stopwatch.Tizen.TV\Stopwatch.Tizen.TV.csproj", "{FA7443F3-B33E-4DC4-A2B9-533936709FAE}"
EndProject
Global
	GlobalSection(SolutionConfigurationPlatforms) = preSolution
		Debug|Any CPU = Debug|Any CPU
		Release|Any CPU = Release|Any CPU
	EndGlobalSection
	GlobalSection(ProjectConfigurationPlatforms) = postSolution
		{4C7545F2-A742-43B2-98D5-4E37FC965B9B}.Debug|Any CPU.ActiveCfg = Debug|Any CPU
		{4C7545F2-A742-43B2-98D5-4E37FC965B9B}.Debug|Any CPU.Build.0 = Debug|Any CPU
		{4C7545F2-A742-43B2-98D5-4E37FC965B9B}.Release|Any CPU.ActiveCfg = Release|Any CPU
		{4C7545F2-A742-43B2-98D5-4E37FC965B9B}.Release|Any CPU.Build.0 = Release|Any CPU
		{FA7443F3-B33E-4DC4-A2B9-533936709FAE}.Debug|Any CPU.ActiveCfg = Debug|Any CPU
		{FA7443F3-B33E-4DC4-A2B9-533936709FAE}.Debug|Any CPU.Build.0 = Debug|Any CPU
		{FA7443F3-B33E-4DC4-A2B9-533936709FAE}.Release|Any CPU.ActiveCfg = Release|Any CPU
		{FA7443F3-B33E-4DC4-A2B9-533936709FAE}.Release|Any CPU.Build.0 = Release|Any CPU
	EndGlobalSection
	GlobalSection(SolutionProperties) = preSolution
		HideSolutionNode = FALSE
	EndGlobalSection
	GlobalSection(ExtensibilityGlobals) = postSolution
		SolutionGuid = {03684615-0473-4481-B497-7976824FA4B2}
	EndGlobalSection
EndGlobal
