
Microsoft Visual Studio Solution File, Format Version 12.00
# Visual Studio 15
VisualStudioVersion = 15.0.27130.2036
MinimumVisualStudioVersion = 10.0.40219.1
Project("{9A19103F-16F7-4668-BE54-9A1E7A4F7556}") = "ErrorCodeConverter", "ErrorCodeConverter\ErrorCodeConverter\ErrorCodeConverter.csproj", "{975F4165-C8D9-456A-B913-CD30A74C3604}"
EndProject
Project("{9A19103F-16F7-4668-BE54-9A1E7A4F7556}") = "ErrorCodeConverter.Tizen.TV", "ErrorCodeConverter\ErrorCodeConverter.Tizen.TV\ErrorCodeConverter.Tizen.TV.csproj", "{5E103C1A-E6A4-4929-A34B-A00B10D69F23}"
EndProject
Global
	GlobalSection(SolutionConfigurationPlatforms) = preSolution
		Debug|Any CPU = Debug|Any CPU
		Release|Any CPU = Release|Any CPU
	EndGlobalSection
	GlobalSection(ProjectConfigurationPlatforms) = postSolution
		{975F4165-C8D9-456A-B913-CD30A74C3604}.Debug|Any CPU.ActiveCfg = Debug|Any CPU
		{975F4165-C8D9-456A-B913-CD30A74C3604}.Debug|Any CPU.Build.0 = Debug|Any CPU
		{975F4165-C8D9-456A-B913-CD30A74C3604}.Release|Any CPU.ActiveCfg = Release|Any CPU
		{975F4165-C8D9-456A-B913-CD30A74C3604}.Release|Any CPU.Build.0 = Release|Any CPU
		{5E103C1A-E6A4-4929-A34B-A00B10D69F23}.Debug|Any CPU.ActiveCfg = Debug|Any CPU
		{5E103C1A-E6A4-4929-A34B-A00B10D69F23}.Debug|Any CPU.Build.0 = Debug|Any CPU
		{5E103C1A-E6A4-4929-A34B-A00B10D69F23}.Release|Any CPU.ActiveCfg = Release|Any CPU
		{5E103C1A-E6A4-4929-A34B-A00B10D69F23}.Release|Any CPU.Build.0 = Release|Any CPU
	EndGlobalSection
	GlobalSection(SolutionProperties) = preSolution
		HideSolutionNode = FALSE
	EndGlobalSection
	GlobalSection(ExtensibilityGlobals) = postSolution
		SolutionGuid = {39024C7B-6CF9-4458-92A6-71059B9B5FEC}
	EndGlobalSection
EndGlobal
