
Microsoft Visual Studio Solution File, Format Version 12.00
# Visual Studio 15
VisualStudioVersion = 15.0.27428.2043
MinimumVisualStudioVersion = 10.0.40219.1
Project("{FAE04EC0-301F-11D3-BF4B-00C04F79EFBC}") = "Calculator", "Calculator\Calculator\Calculator.csproj", "{07E84A80-0B76-42F5-AECE-8924BDCCE3B5}"
EndProject
Project("{FAE04EC0-301F-11D3-BF4B-00C04F79EFBC}") = "Calculator.Tizen", "Calculator\Calculator.Tizen\Calculator.Tizen.csproj", "{0004D192-AE18-45EF-98DB-270136EA7711}"
EndProject
Global
	GlobalSection(SolutionConfigurationPlatforms) = preSolution
		Debug|Any CPU = Debug|Any CPU
		Release|Any CPU = Release|Any CPU
	EndGlobalSection
	GlobalSection(ProjectConfigurationPlatforms) = postSolution
		{07E84A80-0B76-42F5-AECE-8924BDCCE3B5}.Debug|Any CPU.ActiveCfg = Debug|Any CPU
		{07E84A80-0B76-42F5-AECE-8924BDCCE3B5}.Debug|Any CPU.Build.0 = Debug|Any CPU
		{07E84A80-0B76-42F5-AECE-8924BDCCE3B5}.Release|Any CPU.ActiveCfg = Release|Any CPU
		{07E84A80-0B76-42F5-AECE-8924BDCCE3B5}.Release|Any CPU.Build.0 = Release|Any CPU
		{0004D192-AE18-45EF-98DB-270136EA7711}.Debug|Any CPU.ActiveCfg = Debug|Any CPU
		{0004D192-AE18-45EF-98DB-270136EA7711}.Debug|Any CPU.Build.0 = Debug|Any CPU
		{0004D192-AE18-45EF-98DB-270136EA7711}.Release|Any CPU.ActiveCfg = Release|Any CPU
		{0004D192-AE18-45EF-98DB-270136EA7711}.Release|Any CPU.Build.0 = Release|Any CPU
		{890D5ACB-66F5-4816-8322-5E5AB02FDE03}.Debug|Any CPU.ActiveCfg = Debug|Any CPU
		{890D5ACB-66F5-4816-8322-5E5AB02FDE03}.Debug|Any CPU.Build.0 = Debug|Any CPU
		{890D5ACB-66F5-4816-8322-5E5AB02FDE03}.Release|Any CPU.ActiveCfg = Release|Any CPU
		{890D5ACB-66F5-4816-8322-5E5AB02FDE03}.Release|Any CPU.Build.0 = Release|Any CPU
	EndGlobalSection
	GlobalSection(SolutionProperties) = preSolution
		HideSolutionNode = FALSE
	EndGlobalSection
	GlobalSection(ExtensibilityGlobals) = postSolution
		SolutionGuid = {CCEA93AA-99AE-46A8-BFE8-15D5AC84A456}
	EndGlobalSection
EndGlobal
