
Microsoft Visual Studio Solution File, Format Version 12.00
# Visual Studio Version 16
VisualStudioVersion = 16.0.31729.503
MinimumVisualStudioVersion = 10.0.40219.1
Project("{FAE04EC0-301F-11D3-BF4B-00C04F79EFBC}") = "StickerProviderSample", "StickerProviderSample.csproj", "{49E0F821-DC80-4784-83AC-7D3B2CCC562B}"
EndProject
Global
	GlobalSection(SolutionConfigurationPlatforms) = preSolution
		Debug|Any CPU = Debug|Any CPU
		Release|Any CPU = Release|Any CPU
	EndGlobalSection
	GlobalSection(ProjectConfigurationPlatforms) = postSolution
		{49E0F821-DC80-4784-83AC-7D3B2CCC562B}.Debug|Any CPU.ActiveCfg = Debug|Any CPU
		{49E0F821-DC80-4784-83AC-7D3B2CCC562B}.Debug|Any CPU.Build.0 = Debug|Any CPU
		{49E0F821-DC80-4784-83AC-7D3B2CCC562B}.Release|Any CPU.ActiveCfg = Release|Any CPU
		{49E0F821-DC80-4784-83AC-7D3B2CCC562B}.Release|Any CPU.Build.0 = Release|Any CPU
	EndGlobalSection
	GlobalSection(SolutionProperties) = preSolution
		HideSolutionNode = FALSE
	EndGlobalSection
	GlobalSection(ExtensibilityGlobals) = postSolution
		SolutionGuid = {CC541D67-DDE1-4E4B-8C20-FA3CD0FEC939}
	EndGlobalSection
EndGlobal
