
Microsoft Visual Studio Solution File, Format Version 12.00
# Visual Studio 15
VisualStudioVersion = 15.0.27004.2006
MinimumVisualStudioVersion = 10.0.40219.1
Project("{9A19103F-16F7-4668-BE54-9A1E7A4F7556}") = "UIComponents", "UIComponents\UIComponents\UIComponents.csproj", "{A6A9DA64-3A88-4C3C-A2DF-0862935B796D}"
EndProject
Project("{9A19103F-16F7-4668-BE54-9A1E7A4F7556}") = "UIComponents.Tizen.Wearable", "UIComponents\UIComponents.Tizen.Wearable\UIComponents.Tizen.Wearable.csproj", "{672C508D-039E-4F4F-BD1C-9ED57AE1017D}"
EndProject
Global
	GlobalSection(SolutionConfigurationPlatforms) = preSolution
		Debug|Any CPU = Debug|Any CPU
		Release|Any CPU = Release|Any CPU
	EndGlobalSection
	GlobalSection(ProjectConfigurationPlatforms) = postSolution
		{A6A9DA64-3A88-4C3C-A2DF-0862935B796D}.Debug|Any CPU.ActiveCfg = Debug|Any CPU
		{A6A9DA64-3A88-4C3C-A2DF-0862935B796D}.Debug|Any CPU.Build.0 = Debug|Any CPU
		{A6A9DA64-3A88-4C3C-A2DF-0862935B796D}.Release|Any CPU.ActiveCfg = Release|Any CPU
		{A6A9DA64-3A88-4C3C-A2DF-0862935B796D}.Release|Any CPU.Build.0 = Release|Any CPU
		{672C508D-039E-4F4F-BD1C-9ED57AE1017D}.Debug|Any CPU.ActiveCfg = Debug|Any CPU
		{672C508D-039E-4F4F-BD1C-9ED57AE1017D}.Debug|Any CPU.Build.0 = Debug|Any CPU
		{672C508D-039E-4F4F-BD1C-9ED57AE1017D}.Release|Any CPU.ActiveCfg = Release|Any CPU
		{672C508D-039E-4F4F-BD1C-9ED57AE1017D}.Release|Any CPU.Build.0 = Release|Any CPU
	EndGlobalSection
	GlobalSection(SolutionProperties) = preSolution
		HideSolutionNode = FALSE
	EndGlobalSection
	GlobalSection(ExtensibilityGlobals) = postSolution
		SolutionGuid = {61145552-A282-4CEE-A125-D19DB13628C0}
	EndGlobalSection
EndGlobal
