
Microsoft Visual Studio Solution File, Format Version 12.00
# Visual Studio 15
VisualStudioVersion = 15.0.27703.2042
MinimumVisualStudioVersion = 10.0.40219.1
Project("{FAE04EC0-301F-11D3-BF4B-00C04F79EFBC}") = "NetworkApp", "NetworkApp\NetworkApp.csproj", "{83547207-A4F6-4BC6-83C7-D099CD12A29F}"
EndProject
Global
	GlobalSection(SolutionConfigurationPlatforms) = preSolution
		Debug|Any CPU = Debug|Any CPU
		Release|Any CPU = Release|Any CPU
	EndGlobalSection
	GlobalSection(ProjectConfigurationPlatforms) = postSolution
		{83547207-A4F6-4BC6-83C7-D099CD12A29F}.Debug|Any CPU.ActiveCfg = Debug|Any CPU
		{83547207-A4F6-4BC6-83C7-D099CD12A29F}.Debug|Any CPU.Build.0 = Debug|Any CPU
		{83547207-A4F6-4BC6-83C7-D099CD12A29F}.Release|Any CPU.ActiveCfg = Release|Any CPU
		{83547207-A4F6-4BC6-83C7-D099CD12A29F}.Release|Any CPU.Build.0 = Release|Any CPU
	EndGlobalSection
	GlobalSection(SolutionProperties) = preSolution
		HideSolutionNode = FALSE
	EndGlobalSection
	GlobalSection(ExtensibilityGlobals) = postSolution
		SolutionGuid = {B58862F3-7690-4833-9E9E-B99A0B6C46CA}
	EndGlobalSection
EndGlobal
