
Microsoft Visual Studio Solution File, Format Version 12.00
# Visual Studio Version 16
VisualStudioVersion = 16.0.31624.102
MinimumVisualStudioVersion = 10.0.40219.1
Project("{FAE04EC0-301F-11D3-BF4B-00C04F79EFBC}") = "Geofence", "Geofence\Geofence.csproj", "{832BCC64-05CA-49FD-A69F-13B367D168B2}"
EndProject
Global
	GlobalSection(SolutionConfigurationPlatforms) = preSolution
		Debug|Any CPU = Debug|Any CPU
		Release|Any CPU = Release|Any CPU
	EndGlobalSection
	GlobalSection(ProjectConfigurationPlatforms) = postSolution
		{832BCC64-05CA-49FD-A69F-13B367D168B2}.Debug|Any CPU.ActiveCfg = Debug|Any CPU
		{832BCC64-05CA-49FD-A69F-13B367D168B2}.Debug|Any CPU.Build.0 = Debug|Any CPU
		{832BCC64-05CA-49FD-A69F-13B367D168B2}.Release|Any CPU.ActiveCfg = Release|Any CPU
		{832BCC64-05CA-49FD-A69F-13B367D168B2}.Release|Any CPU.Build.0 = Release|Any CPU
	EndGlobalSection
	GlobalSection(SolutionProperties) = preSolution
		HideSolutionNode = FALSE
	EndGlobalSection
	GlobalSection(ExtensibilityGlobals) = postSolution
		SolutionGuid = {CBACEB47-3A42-443F-8A1D-5BD5937D43CF}
	EndGlobalSection
EndGlobal
