
Microsoft Visual Studio Solution File, Format Version 12.00
# Visual Studio Version 16
VisualStudioVersion = 16.0.31624.102
MinimumVisualStudioVersion = 10.0.40219.1
Project("{FAE04EC0-301F-11D3-BF4B-00C04F79EFBC}") = "Geofence", "Geofence\Geofence.csproj", "{253D83A2-F463-4DFF-8168-308A61C72A20}"
EndProject
Global
	GlobalSection(SolutionConfigurationPlatforms) = preSolution
		Debug|Any CPU = Debug|Any CPU
		Release|Any CPU = Release|Any CPU
	EndGlobalSection
	GlobalSection(ProjectConfigurationPlatforms) = postSolution
		{253D83A2-F463-4DFF-8168-308A61C72A20}.Debug|Any CPU.ActiveCfg = Debug|Any CPU
		{253D83A2-F463-4DFF-8168-308A61C72A20}.Debug|Any CPU.Build.0 = Debug|Any CPU
		{253D83A2-F463-4DFF-8168-308A61C72A20}.Release|Any CPU.ActiveCfg = Release|Any CPU
		{253D83A2-F463-4DFF-8168-308A61C72A20}.Release|Any CPU.Build.0 = Release|Any CPU
	EndGlobalSection
	GlobalSection(SolutionProperties) = preSolution
		HideSolutionNode = FALSE
	EndGlobalSection
	GlobalSection(ExtensibilityGlobals) = postSolution
		SolutionGuid = {AD4FEC0C-D1F3-489D-A011-E8389C290D0C}
	EndGlobalSection
EndGlobal
