
Microsoft Visual Studio Solution File, Format Version 12.00
# Visual Studio 15
VisualStudioVersion = 15.0.27703.2026
MinimumVisualStudioVersion = 10.0.40219.1
Project("{FAE04EC0-301F-11D3-BF4B-00C04F79EFBC}") = "SystemInfo", "SystemInfo.csproj", "{531BCDD3-A839-4B2D-8E57-F590A30B3675}"
EndProject
Global
	GlobalSection(SolutionConfigurationPlatforms) = preSolution
		Debug|Any CPU = Debug|Any CPU
		Release|Any CPU = Release|Any CPU
	EndGlobalSection
	GlobalSection(ProjectConfigurationPlatforms) = postSolution
		{531BCDD3-A839-4B2D-8E57-F590A30B3675}.Debug|Any CPU.ActiveCfg = Debug|Any CPU
		{531BCDD3-A839-4B2D-8E57-F590A30B3675}.Debug|Any CPU.Build.0 = Debug|Any CPU
		{531BCDD3-A839-4B2D-8E57-F590A30B3675}.Release|Any CPU.ActiveCfg = Release|Any CPU
		{531BCDD3-A839-4B2D-8E57-F590A30B3675}.Release|Any CPU.Build.0 = Release|Any CPU
	EndGlobalSection
	GlobalSection(SolutionProperties) = preSolution
		HideSolutionNode = FALSE
	EndGlobalSection
	GlobalSection(ExtensibilityGlobals) = postSolution
		SolutionGuid = {451A662C-588C-43A4-BF92-7E9C00413B11}
	EndGlobalSection
EndGlobal
