
Microsoft Visual Studio Solution File, Format Version 12.00
# Visual Studio Version 16
VisualStudioVersion = 16.0.29519.181
MinimumVisualStudioVersion = 10.0.40219.1
Project("{9A19103F-16F7-4668-BE54-9A1E7A4F7556}") = "DynamicListView", "DynamicListView\DynamicListView\DynamicListView.Tizen.csproj", "{66B382DF-4ED3-40A2-9F66-FB7874F8C253}"
EndProject
Global
	GlobalSection(SolutionConfigurationPlatforms) = preSolution
		Debug|Any CPU = Debug|Any CPU
		Release|Any CPU = Release|Any CPU
	EndGlobalSection
	GlobalSection(ProjectConfigurationPlatforms) = postSolution
		{DFF9989C-565A-4B51-8F40-3B137EDEF9A7}.Debug|Any CPU.ActiveCfg = Debug|Any CPU
		{DFF9989C-565A-4B51-8F40-3B137EDEF9A7}.Debug|Any CPU.Build.0 = Debug|Any CPU
		{DFF9989C-565A-4B51-8F40-3B137EDEF9A7}.Release|Any CPU.ActiveCfg = Release|Any CPU
		{DFF9989C-565A-4B51-8F40-3B137EDEF9A7}.Release|Any CPU.Build.0 = Release|Any CPU
		{66B382DF-4ED3-40A2-9F66-FB7874F8C253}.Debug|Any CPU.ActiveCfg = Debug|Any CPU
		{66B382DF-4ED3-40A2-9F66-FB7874F8C253}.Debug|Any CPU.Build.0 = Debug|Any CPU
		{66B382DF-4ED3-40A2-9F66-FB7874F8C253}.Release|Any CPU.ActiveCfg = Release|Any CPU
		{66B382DF-4ED3-40A2-9F66-FB7874F8C253}.Release|Any CPU.Build.0 = Release|Any CPU
	EndGlobalSection
	GlobalSection(SolutionProperties) = preSolution
		HideSolutionNode = FALSE
	EndGlobalSection
	GlobalSection(ExtensibilityGlobals) = postSolution
		SolutionGuid = {F7A7779F-2983-47D0-83AC-F4190891722D}
	EndGlobalSection
EndGlobal
