
Microsoft Visual Studio Solution File, Format Version 12.00
# Visual Studio 15
VisualStudioVersion = 15.0.26730.16
MinimumVisualStudioVersion = 10.0.40219.1
Project("{FAE04EC0-301F-11D3-BF4B-00C04F79EFBC}") = "GalleryUI", "GalleryUI\GalleryUI\GalleryUI.csproj", "{3505C462-8BBA-49DE-BB20-3C393EA95EEF}"
EndProject
Project("{FAE04EC0-301F-11D3-BF4B-00C04F79EFBC}") = "GalleryUI.Tizen.Mobile", "GalleryUI\GalleryUI.Tizen.Mobile\GalleryUI.Tizen.Mobile.csproj", "{1AF4B260-E78C-45D3-BCA6-16CB4A6BF490}"
EndProject
Global
	GlobalSection(SolutionConfigurationPlatforms) = preSolution
		Debug|Any CPU = Debug|Any CPU
		Release|Any CPU = Release|Any CPU
	EndGlobalSection
	GlobalSection(ProjectConfigurationPlatforms) = postSolution
		{3505C462-8BBA-49DE-BB20-3C393EA95EEF}.Debug|Any CPU.ActiveCfg = Debug|Any CPU
		{3505C462-8BBA-49DE-BB20-3C393EA95EEF}.Debug|Any CPU.Build.0 = Debug|Any CPU
		{3505C462-8BBA-49DE-BB20-3C393EA95EEF}.Release|Any CPU.ActiveCfg = Release|Any CPU
		{3505C462-8BBA-49DE-BB20-3C393EA95EEF}.Release|Any CPU.Build.0 = Release|Any CPU
		{1AF4B260-E78C-45D3-BCA6-16CB4A6BF490}.Debug|Any CPU.ActiveCfg = Debug|Any CPU
		{1AF4B260-E78C-45D3-BCA6-16CB4A6BF490}.Debug|Any CPU.Build.0 = Debug|Any CPU
		{1AF4B260-E78C-45D3-BCA6-16CB4A6BF490}.Release|Any CPU.ActiveCfg = Release|Any CPU
		{1AF4B260-E78C-45D3-BCA6-16CB4A6BF490}.Release|Any CPU.Build.0 = Release|Any CPU
	EndGlobalSection
	GlobalSection(SolutionProperties) = preSolution
		HideSolutionNode = FALSE
	EndGlobalSection
	GlobalSection(ExtensibilityGlobals) = postSolution
		SolutionGuid = {8DFA6E43-EEBB-49F2-BB70-01D6CDEC9C28}
	EndGlobalSection
EndGlobal
