
Microsoft Visual Studio Solution File, Format Version 12.00
# Visual Studio 15
VisualStudioVersion = 15.0.26730.8
MinimumVisualStudioVersion = 10.0.40219.1
Project("{FAE04EC0-301F-11D3-BF4B-00C04F79EFBC}") = "ApplicationStoreUI", "ApplicationStoreUI\ApplicationStoreUI\ApplicationStoreUI.csproj", "{0E575C3B-4D6E-4655-943A-2FF147DAE91E}"
EndProject
Project("{FAE04EC0-301F-11D3-BF4B-00C04F79EFBC}") = "ApplicationStoreUI.Tizen.Mobile", "ApplicationStoreUI\ApplicationStoreUI.Tizen.Mobile\ApplicationStoreUI.Tizen.Mobile.csproj", "{65559A39-6166-40DD-A71E-6661B6D5EF4C}"
EndProject
Global
	GlobalSection(SolutionConfigurationPlatforms) = preSolution
		Debug|Any CPU = Debug|Any CPU
		Release|Any CPU = Release|Any CPU
	EndGlobalSection
	GlobalSection(ProjectConfigurationPlatforms) = postSolution
		{0E575C3B-4D6E-4655-943A-2FF147DAE91E}.Debug|Any CPU.ActiveCfg = Debug|Any CPU
		{0E575C3B-4D6E-4655-943A-2FF147DAE91E}.Debug|Any CPU.Build.0 = Debug|Any CPU
		{0E575C3B-4D6E-4655-943A-2FF147DAE91E}.Release|Any CPU.ActiveCfg = Release|Any CPU
		{0E575C3B-4D6E-4655-943A-2FF147DAE91E}.Release|Any CPU.Build.0 = Release|Any CPU
		{65559A39-6166-40DD-A71E-6661B6D5EF4C}.Debug|Any CPU.ActiveCfg = Debug|Any CPU
		{65559A39-6166-40DD-A71E-6661B6D5EF4C}.Debug|Any CPU.Build.0 = Debug|Any CPU
		{65559A39-6166-40DD-A71E-6661B6D5EF4C}.Release|Any CPU.ActiveCfg = Release|Any CPU
		{65559A39-6166-40DD-A71E-6661B6D5EF4C}.Release|Any CPU.Build.0 = Release|Any CPU
	EndGlobalSection
	GlobalSection(SolutionProperties) = preSolution
		HideSolutionNode = FALSE
	EndGlobalSection
	GlobalSection(ExtensibilityGlobals) = postSolution
		SolutionGuid = {9B62061F-E886-4F92-8DA7-936A23ED6952}
	EndGlobalSection
EndGlobal
