
Microsoft Visual Studio Solution File, Format Version 12.00
# Visual Studio Version 16
VisualStudioVersion = 16.0.31624.102
MinimumVisualStudioVersion = 10.0.40219.1
Project("{FAE04EC0-301F-11D3-BF4B-00C04F79EFBC}") = "Alarms", "Alarms\Alarms.csproj", "{D23160A2-F3F4-494B-B0C6-858F72D85F0F}"
EndProject
Global
	GlobalSection(SolutionConfigurationPlatforms) = preSolution
		Debug|Any CPU = Debug|Any CPU
		Release|Any CPU = Release|Any CPU
	EndGlobalSection
	GlobalSection(ProjectConfigurationPlatforms) = postSolution
		{D23160A2-F3F4-494B-B0C6-858F72D85F0F}.Debug|Any CPU.ActiveCfg = Debug|Any CPU
		{D23160A2-F3F4-494B-B0C6-858F72D85F0F}.Debug|Any CPU.Build.0 = Debug|Any CPU
		{D23160A2-F3F4-494B-B0C6-858F72D85F0F}.Release|Any CPU.ActiveCfg = Release|Any CPU
		{D23160A2-F3F4-494B-B0C6-858F72D85F0F}.Release|Any CPU.Build.0 = Release|Any CPU
	EndGlobalSection
	GlobalSection(SolutionProperties) = preSolution
		HideSolutionNode = FALSE
	EndGlobalSection
	GlobalSection(ExtensibilityGlobals) = postSolution
		SolutionGuid = {B2DD52B1-67AD-4BD3-803E-A4441D04C0D1}
	EndGlobalSection
EndGlobal
