
Microsoft Visual Studio Solution File, Format Version 12.00
# Visual Studio 15
VisualStudioVersion = 15.0.28307.329
MinimumVisualStudioVersion = 10.0.40219.1
Project("{9A19103F-16F7-4668-BE54-9A1E7A4F7556}") = "MediaCodecSample", "MediaCodecSample\MediaCodecSample.csproj", "{8F2ACF80-1A85-44C6-BBFC-D2EE089671E3}"
EndProject
Global
	GlobalSection(SolutionConfigurationPlatforms) = preSolution
		Debug|Any CPU = Debug|Any CPU
		Release|Any CPU = Release|Any CPU
	EndGlobalSection
	GlobalSection(ProjectConfigurationPlatforms) = postSolution
		{8F2ACF80-1A85-44C6-BBFC-D2EE089671E3}.Debug|Any CPU.ActiveCfg = Debug|Any CPU
		{8F2ACF80-1A85-44C6-BBFC-D2EE089671E3}.Debug|Any CPU.Build.0 = Debug|Any CPU
		{8F2ACF80-1A85-44C6-BBFC-D2EE089671E3}.Release|Any CPU.ActiveCfg = Release|Any CPU
		{8F2ACF80-1A85-44C6-BBFC-D2EE089671E3}.Release|Any CPU.Build.0 = Release|Any CPU
	EndGlobalSection
	GlobalSection(SolutionProperties) = preSolution
		HideSolutionNode = FALSE
	EndGlobalSection
	GlobalSection(ExtensibilityGlobals) = postSolution
		SolutionGuid = {BF373D5D-F432-468B-B1CE-2DCF63A35CA0}
	EndGlobalSection
EndGlobal
