
Microsoft Visual Studio Solution File, Format Version 12.00
# Visual Studio 15
VisualStudioVersion = 15.0.28307.271
MinimumVisualStudioVersion = 10.0.40219.1
Project("{FAE04EC0-301F-11D3-BF4B-00C04F79EFBC}") = "NUIFontTest", "NUIFontTest\NUIFontTest.csproj", "{734606CD-C425-4EBE-8A4A-56FEC0B64A73}"
EndProject
Global
	GlobalSection(SolutionConfigurationPlatforms) = preSolution
		Debug|Any CPU = Debug|Any CPU
		Release|Any CPU = Release|Any CPU
	EndGlobalSection
	GlobalSection(ProjectConfigurationPlatforms) = postSolution
		{734606CD-C425-4EBE-8A4A-56FEC0B64A73}.Debug|Any CPU.ActiveCfg = Debug|Any CPU
		{734606CD-C425-4EBE-8A4A-56FEC0B64A73}.Debug|Any CPU.Build.0 = Debug|Any CPU
		{734606CD-C425-4EBE-8A4A-56FEC0B64A73}.Release|Any CPU.ActiveCfg = Release|Any CPU
		{734606CD-C425-4EBE-8A4A-56FEC0B64A73}.Release|Any CPU.Build.0 = Release|Any CPU
	EndGlobalSection
	GlobalSection(SolutionProperties) = preSolution
		HideSolutionNode = FALSE
	EndGlobalSection
	GlobalSection(ExtensibilityGlobals) = postSolution
		SolutionGuid = {17BFD906-0A57-4B7B-8B23-1B8A8C142D6C}
	EndGlobalSection
EndGlobal
