
Microsoft Visual Studio Solution File, Format Version 12.00
# Visual Studio 15
VisualStudioVersion = 15.0.27703.2026
MinimumVisualStudioVersion = 10.0.40219.1
Project("{FAE04EC0-301F-11D3-BF4B-00C04F79EFBC}") = "TextReader", "TextReader\TextReader.csproj", "{A9E3A65E-65EE-47FF-AFD1-248175C068E5}"
EndProject
Global
	GlobalSection(SolutionConfigurationPlatforms) = preSolution
		Debug|Any CPU = Debug|Any CPU
		Release|Any CPU = Release|Any CPU
	EndGlobalSection
	GlobalSection(ProjectConfigurationPlatforms) = postSolution
		{A9E3A65E-65EE-47FF-AFD1-248175C068E5}.Debug|Any CPU.ActiveCfg = Debug|Any CPU
		{A9E3A65E-65EE-47FF-AFD1-248175C068E5}.Debug|Any CPU.Build.0 = Debug|Any CPU
		{A9E3A65E-65EE-47FF-AFD1-248175C068E5}.Release|Any CPU.ActiveCfg = Release|Any CPU
		{A9E3A65E-65EE-47FF-AFD1-248175C068E5}.Release|Any CPU.Build.0 = Release|Any CPU
	EndGlobalSection
	GlobalSection(SolutionProperties) = preSolution
		HideSolutionNode = FALSE
	EndGlobalSection
	GlobalSection(ExtensibilityGlobals) = postSolution
		SolutionGuid = {552FBB4B-51B6-4889-AE6F-5B5309AC46AB}
	EndGlobalSection
EndGlobal
