
Microsoft Visual Studio Solution File, Format Version 12.00
# Visual Studio 15
VisualStudioVersion = 15.0.27004.2005
MinimumVisualStudioVersion = 10.0.40219.1
Project("{9A19103F-16F7-4668-BE54-9A1E7A4F7556}") = "SampleTelephony", "SampleTelephony\SampleTelephony\SampleTelephony.csproj", "{755EF95F-3376-4D30-B64B-F4644621E559}"
EndProject
Project("{9A19103F-16F7-4668-BE54-9A1E7A4F7556}") = "SampleTelephony.Tizen.Mobile", "SampleTelephony\SampleTelephony.Tizen.Mobile\SampleTelephony.Tizen.Mobile.csproj", "{A97563DF-2151-4010-8624-516F9E6DE0D0}"
EndProject
Global
	GlobalSection(SolutionConfigurationPlatforms) = preSolution
		Debug|Any CPU = Debug|Any CPU
		Release|Any CPU = Release|Any CPU
	EndGlobalSection
	GlobalSection(ProjectConfigurationPlatforms) = postSolution
		{755EF95F-3376-4D30-B64B-F4644621E559}.Debug|Any CPU.ActiveCfg = Debug|Any CPU
		{755EF95F-3376-4D30-B64B-F4644621E559}.Debug|Any CPU.Build.0 = Debug|Any CPU
		{755EF95F-3376-4D30-B64B-F4644621E559}.Release|Any CPU.ActiveCfg = Release|Any CPU
		{755EF95F-3376-4D30-B64B-F4644621E559}.Release|Any CPU.Build.0 = Release|Any CPU
		{A97563DF-2151-4010-8624-516F9E6DE0D0}.Debug|Any CPU.ActiveCfg = Debug|Any CPU
		{A97563DF-2151-4010-8624-516F9E6DE0D0}.Debug|Any CPU.Build.0 = Debug|Any CPU
		{A97563DF-2151-4010-8624-516F9E6DE0D0}.Release|Any CPU.ActiveCfg = Release|Any CPU
		{A97563DF-2151-4010-8624-516F9E6DE0D0}.Release|Any CPU.Build.0 = Release|Any CPU
	EndGlobalSection
	GlobalSection(SolutionProperties) = preSolution
		HideSolutionNode = FALSE
	EndGlobalSection
	GlobalSection(ExtensibilityGlobals) = postSolution
		SolutionGuid = {DF4AC421-B4DA-43B9-817E-5538A169EE09}
	EndGlobalSection
EndGlobal
