
Microsoft Visual Studio Solution File, Format Version 12.00
# Visual Studio Version 16
VisualStudioVersion = 16.0.31229.75
MinimumVisualStudioVersion = 10.0.40219.1
Project("{FAE04EC0-301F-11D3-BF4B-00C04F79EFBC}") = "Sensor", "Sensor\Sensor\Sensor.csproj", "{F497375C-DCE7-4D66-ACF5-BF5832944534}"
EndProject
Project("{FAE04EC0-301F-11D3-BF4B-00C04F79EFBC}") = "Sensor.Tizen.Mobile", "Sensor\Sensor.Tizen.Mobile\Sensor.Tizen.Mobile.csproj", "{27270740-F842-4832-B542-54E35E53B685}"
EndProject
Global
	GlobalSection(SolutionConfigurationPlatforms) = preSolution
		Debug|Any CPU = Debug|Any CPU
		Release|Any CPU = Release|Any CPU
	EndGlobalSection
	GlobalSection(ProjectConfigurationPlatforms) = postSolution
		{F497375C-DCE7-4D66-ACF5-BF5832944534}.Debug|Any CPU.ActiveCfg = Debug|Any CPU
		{F497375C-DCE7-4D66-ACF5-BF5832944534}.Debug|Any CPU.Build.0 = Debug|Any CPU
		{F497375C-DCE7-4D66-ACF5-BF5832944534}.Release|Any CPU.ActiveCfg = Release|Any CPU
		{F497375C-DCE7-4D66-ACF5-BF5832944534}.Release|Any CPU.Build.0 = Release|Any CPU
		{27270740-F842-4832-B542-54E35E53B685}.Debug|Any CPU.ActiveCfg = Debug|Any CPU
		{27270740-F842-4832-B542-54E35E53B685}.Debug|Any CPU.Build.0 = Debug|Any CPU
		{27270740-F842-4832-B542-54E35E53B685}.Release|Any CPU.ActiveCfg = Release|Any CPU
		{27270740-F842-4832-B542-54E35E53B685}.Release|Any CPU.Build.0 = Release|Any CPU
	EndGlobalSection
	GlobalSection(SolutionProperties) = preSolution
		HideSolutionNode = FALSE
	EndGlobalSection
	GlobalSection(ExtensibilityGlobals) = postSolution
		SolutionGuid = {A11B0798-5ACA-4DC6-8570-917003C02E5F}
	EndGlobalSection
EndGlobal
