
Microsoft Visual Studio Solution File, Format Version 12.00
# Visual Studio 15
VisualStudioVersion = 15.0.28307.757
MinimumVisualStudioVersion = 10.0.40219.1
Project("{FAE04EC0-301F-11D3-BF4B-00C04F79EFBC}") = "Pedometer", "Pedometer\Pedometer.csproj", "{DEBE91C1-BD96-475A-BB49-42384CD07C1A}"
EndProject
Global
	GlobalSection(SolutionConfigurationPlatforms) = preSolution
		Debug|Any CPU = Debug|Any CPU
		Release|Any CPU = Release|Any CPU
	EndGlobalSection
	GlobalSection(ProjectConfigurationPlatforms) = postSolution
		{DEBE91C1-BD96-475A-BB49-42384CD07C1A}.Debug|Any CPU.ActiveCfg = Debug|Any CPU
		{DEBE91C1-BD96-475A-BB49-42384CD07C1A}.Debug|Any CPU.Build.0 = Debug|Any CPU
		{DEBE91C1-BD96-475A-BB49-42384CD07C1A}.Release|Any CPU.ActiveCfg = Release|Any CPU
		{DEBE91C1-BD96-475A-BB49-42384CD07C1A}.Release|Any CPU.Build.0 = Release|Any CPU
	EndGlobalSection
	GlobalSection(SolutionProperties) = preSolution
		HideSolutionNode = FALSE
	EndGlobalSection
	GlobalSection(ExtensibilityGlobals) = postSolution
		SolutionGuid = {E05EB40D-B94F-4E54-BA5E-ED926B93E81E}
	EndGlobalSection
EndGlobal
