
Microsoft Visual Studio Solution File, Format Version 12.00
# Visual Studio Version 16
VisualStudioVersion = 16.0.30523.141
MinimumVisualStudioVersion = 10.0.40219.1
Project("{FAE04EC0-301F-11D3-BF4B-00C04F79EFBC}") = "MovieLibrary", "MovieLibrary\MovieLibrary.csproj", "{E2380973-AACB-4369-8603-9FE0640C277E}"
EndProject
Global
	GlobalSection(SolutionConfigurationPlatforms) = preSolution
		Debug|Any CPU = Debug|Any CPU
		Release|Any CPU = Release|Any CPU
	EndGlobalSection
	GlobalSection(ProjectConfigurationPlatforms) = postSolution
		{E2380973-AACB-4369-8603-9FE0640C277E}.Debug|Any CPU.ActiveCfg = Debug|Any CPU
		{E2380973-AACB-4369-8603-9FE0640C277E}.Debug|Any CPU.Build.0 = Debug|Any CPU
		{E2380973-AACB-4369-8603-9FE0640C277E}.Release|Any CPU.ActiveCfg = Release|Any CPU
		{E2380973-AACB-4369-8603-9FE0640C277E}.Release|Any CPU.Build.0 = Release|Any CPU
	EndGlobalSection
	GlobalSection(SolutionProperties) = preSolution
		HideSolutionNode = FALSE
	EndGlobalSection
	GlobalSection(ExtensibilityGlobals) = postSolution
		SolutionGuid = {32946FFC-FA2B-417B-AF12-85DE6044A398}
	EndGlobalSection
EndGlobal
