
Microsoft Visual Studio Solution File, Format Version 12.00
# Visual Studio 15
VisualStudioVersion = 15.0.28307.271
MinimumVisualStudioVersion = 10.0.40219.1
Project("{FAE04EC0-301F-11D3-BF4B-00C04F79EFBC}") = "ImageGallery", "ImageGallery\ImageGallery\ImageGallery.csproj", "{8E3C6AEE-CCB7-4825-9AD7-9380261A73B4}"
EndProject
Project("{FAE04EC0-301F-11D3-BF4B-00C04F79EFBC}") = "ImageGallery.Tizen.Mobile", "ImageGallery\ImageGallery.Tizen.Mobile\ImageGallery.Tizen.Mobile.csproj", "{D1B322D7-47F7-4916-B7F3-E5241FA614A6}"
EndProject
Global
	GlobalSection(SolutionConfigurationPlatforms) = preSolution
		Debug|Any CPU = Debug|Any CPU
		Release|Any CPU = Release|Any CPU
	EndGlobalSection
	GlobalSection(ProjectConfigurationPlatforms) = postSolution
		{8E3C6AEE-CCB7-4825-9AD7-9380261A73B4}.Debug|Any CPU.ActiveCfg = Debug|Any CPU
		{8E3C6AEE-CCB7-4825-9AD7-9380261A73B4}.Debug|Any CPU.Build.0 = Debug|Any CPU
		{8E3C6AEE-CCB7-4825-9AD7-9380261A73B4}.Release|Any CPU.ActiveCfg = Release|Any CPU
		{8E3C6AEE-CCB7-4825-9AD7-9380261A73B4}.Release|Any CPU.Build.0 = Release|Any CPU
		{D1B322D7-47F7-4916-B7F3-E5241FA614A6}.Debug|Any CPU.ActiveCfg = Debug|Any CPU
		{D1B322D7-47F7-4916-B7F3-E5241FA614A6}.Debug|Any CPU.Build.0 = Debug|Any CPU
		{D1B322D7-47F7-4916-B7F3-E5241FA614A6}.Release|Any CPU.ActiveCfg = Release|Any CPU
		{D1B322D7-47F7-4916-B7F3-E5241FA614A6}.Release|Any CPU.Build.0 = Release|Any CPU
		{215F75C8-910D-44EF-A956-886A0D12736D}.Debug|Any CPU.ActiveCfg = Debug|Any CPU
		{215F75C8-910D-44EF-A956-886A0D12736D}.Debug|Any CPU.Build.0 = Debug|Any CPU
		{215F75C8-910D-44EF-A956-886A0D12736D}.Release|Any CPU.ActiveCfg = Release|Any CPU
		{215F75C8-910D-44EF-A956-886A0D12736D}.Release|Any CPU.Build.0 = Release|Any CPU
	EndGlobalSection
	GlobalSection(SolutionProperties) = preSolution
		HideSolutionNode = FALSE
	EndGlobalSection
	GlobalSection(ExtensibilityGlobals) = postSolution
		SolutionGuid = {D8868AE0-4F03-45DA-860B-5B57FE74EBD4}
	EndGlobalSection
EndGlobal
