
Microsoft Visual Studio Solution File, Format Version 12.00
# Visual Studio 15
VisualStudioVersion = 15.0.27004.2009
MinimumVisualStudioVersion = 10.0.40219.1
Project("{FAE04EC0-301F-11D3-BF4B-00C04F79EFBC}") = "BasicCalculator", "BasicCalculator\BasicCalculator\BasicCalculator.csproj", "{C8BD7E5A-CDE4-4819-9DC8-8DE25C0A43C9}"
EndProject
Project("{FAE04EC0-301F-11D3-BF4B-00C04F79EFBC}") = "BasicCalculator.Tizen.TV", "BasicCalculator\BasicCalculator.Tizen.TV\BasicCalculator.Tizen.TV.csproj", "{258F9C13-DCE8-4DE3-A628-490E8D67547C}"
EndProject
Global
	GlobalSection(SolutionConfigurationPlatforms) = preSolution
		Debug|Any CPU = Debug|Any CPU
		Release|Any CPU = Release|Any CPU
	EndGlobalSection
	GlobalSection(ProjectConfigurationPlatforms) = postSolution
		{C8BD7E5A-CDE4-4819-9DC8-8DE25C0A43C9}.Debug|Any CPU.ActiveCfg = Debug|Any CPU
		{C8BD7E5A-CDE4-4819-9DC8-8DE25C0A43C9}.Debug|Any CPU.Build.0 = Debug|Any CPU
		{C8BD7E5A-CDE4-4819-9DC8-8DE25C0A43C9}.Release|Any CPU.ActiveCfg = Release|Any CPU
		{C8BD7E5A-CDE4-4819-9DC8-8DE25C0A43C9}.Release|Any CPU.Build.0 = Release|Any CPU
		{258F9C13-DCE8-4DE3-A628-490E8D67547C}.Debug|Any CPU.ActiveCfg = Debug|Any CPU
		{258F9C13-DCE8-4DE3-A628-490E8D67547C}.Debug|Any CPU.Build.0 = Debug|Any CPU
		{258F9C13-DCE8-4DE3-A628-490E8D67547C}.Release|Any CPU.ActiveCfg = Release|Any CPU
		{258F9C13-DCE8-4DE3-A628-490E8D67547C}.Release|Any CPU.Build.0 = Release|Any CPU
		{3C4BA94F-9DDE-4951-9125-0C238642D440}.Debug|Any CPU.ActiveCfg = Debug|Any CPU
		{3C4BA94F-9DDE-4951-9125-0C238642D440}.Debug|Any CPU.Build.0 = Debug|Any CPU
		{3C4BA94F-9DDE-4951-9125-0C238642D440}.Release|Any CPU.ActiveCfg = Release|Any CPU
		{3C4BA94F-9DDE-4951-9125-0C238642D440}.Release|Any CPU.Build.0 = Release|Any CPU
	EndGlobalSection
	GlobalSection(SolutionProperties) = preSolution
		HideSolutionNode = FALSE
	EndGlobalSection
	GlobalSection(ExtensibilityGlobals) = postSolution
		SolutionGuid = {97A94D71-0CD5-40FA-8261-EE43F5AE2262}
	EndGlobalSection
EndGlobal
