
Microsoft Visual Studio Solution File, Format Version 12.00
# Visual Studio 15
VisualStudioVersion = 15.0.27004.2009
MinimumVisualStudioVersion = 10.0.40219.1
Project("{FAE04EC0-301F-11D3-BF4B-00C04F79EFBC}") = "NoughtsAndCrosses", "NoughtsAndCrosses\NoughtsAndCrosses\NoughtsAndCrosses.csproj", "{AEB4D911-2187-4DBB-AFB9-4BAA46A76507}"
EndProject
Project("{FAE04EC0-301F-11D3-BF4B-00C04F79EFBC}") = "NoughtsAndCrosses.Tizen.Mobile", "NoughtsAndCrosses\NoughtsAndCrosses.Tizen.Mobile\NoughtsAndCrosses.Tizen.Mobile.csproj", "{51A8A1A9-B70C-4A2B-966D-1004BA5DD971}"
EndProject
Global
	GlobalSection(SolutionConfigurationPlatforms) = preSolution
		Debug|Any CPU = Debug|Any CPU
		Release|Any CPU = Release|Any CPU
	EndGlobalSection
	GlobalSection(ProjectConfigurationPlatforms) = postSolution
		{AEB4D911-2187-4DBB-AFB9-4BAA46A76507}.Debug|Any CPU.ActiveCfg = Debug|Any CPU
		{AEB4D911-2187-4DBB-AFB9-4BAA46A76507}.Debug|Any CPU.Build.0 = Debug|Any CPU
		{AEB4D911-2187-4DBB-AFB9-4BAA46A76507}.Release|Any CPU.ActiveCfg = Release|Any CPU
		{AEB4D911-2187-4DBB-AFB9-4BAA46A76507}.Release|Any CPU.Build.0 = Release|Any CPU
		{51A8A1A9-B70C-4A2B-966D-1004BA5DD971}.Debug|Any CPU.ActiveCfg = Debug|Any CPU
		{51A8A1A9-B70C-4A2B-966D-1004BA5DD971}.Debug|Any CPU.Build.0 = Debug|Any CPU
		{51A8A1A9-B70C-4A2B-966D-1004BA5DD971}.Release|Any CPU.ActiveCfg = Release|Any CPU
		{51A8A1A9-B70C-4A2B-966D-1004BA5DD971}.Release|Any CPU.Build.0 = Release|Any CPU
	EndGlobalSection
	GlobalSection(SolutionProperties) = preSolution
		HideSolutionNode = FALSE
	EndGlobalSection
	GlobalSection(ExtensibilityGlobals) = postSolution
		SolutionGuid = {76EB713C-54A3-49EC-97B7-95B71A9D6DC5}
	EndGlobalSection
EndGlobal
