
Microsoft Visual Studio Solution File, Format Version 12.00
# Visual Studio 15
VisualStudioVersion = 15.0.28307.106
MinimumVisualStudioVersion = 10.0.40219.1
Project("{FAE04EC0-301F-11D3-BF4B-00C04F79EFBC}") = "CubeWithSkiaSharp", "CubeWithSkiaSharp\CubeWithSkiaSharp.csproj", "{99DEDCEB-E652-4F51-8BD3-5F7F5B715789}"
EndProject
Global
	GlobalSection(SolutionConfigurationPlatforms) = preSolution
		Debug|Any CPU = Debug|Any CPU
		Release|Any CPU = Release|Any CPU
	EndGlobalSection
	GlobalSection(ProjectConfigurationPlatforms) = postSolution
		{99DEDCEB-E652-4F51-8BD3-5F7F5B715789}.Debug|Any CPU.ActiveCfg = Debug|Any CPU
		{99DEDCEB-E652-4F51-8BD3-5F7F5B715789}.Debug|Any CPU.Build.0 = Debug|Any CPU
		{99DEDCEB-E652-4F51-8BD3-5F7F5B715789}.Release|Any CPU.ActiveCfg = Release|Any CPU
		{99DEDCEB-E652-4F51-8BD3-5F7F5B715789}.Release|Any CPU.Build.0 = Release|Any CPU
	EndGlobalSection
	GlobalSection(SolutionProperties) = preSolution
		HideSolutionNode = FALSE
	EndGlobalSection
	GlobalSection(ExtensibilityGlobals) = postSolution
		SolutionGuid = {C4B55441-180B-4617-B4EF-BD306F40D31A}
	EndGlobalSection
EndGlobal
