
Microsoft Visual Studio Solution File, Format Version 12.00
# Visual Studio Version 16
VisualStudioVersion = 16.0.30406.217
MinimumVisualStudioVersion = 10.0.40219.1
Project("{FAE04EC0-301F-11D3-BF4B-00C04F79EFBC}") = "NUI_CustomLayout", "NUI_CustomLayout\NUI_CustomLayout.csproj", "{297317EE-C314-4C5B-ADE5-0C993BD97784}"
EndProject
Global
	GlobalSection(SolutionConfigurationPlatforms) = preSolution
		Debug|Any CPU = Debug|Any CPU
		Release|Any CPU = Release|Any CPU
	EndGlobalSection
	GlobalSection(ProjectConfigurationPlatforms) = postSolution
		{297317EE-C314-4C5B-ADE5-0C993BD97784}.Debug|Any CPU.ActiveCfg = Debug|Any CPU
		{297317EE-C314-4C5B-ADE5-0C993BD97784}.Debug|Any CPU.Build.0 = Debug|Any CPU
		{297317EE-C314-4C5B-ADE5-0C993BD97784}.Release|Any CPU.ActiveCfg = Release|Any CPU
		{297317EE-C314-4C5B-ADE5-0C993BD97784}.Release|Any CPU.Build.0 = Release|Any CPU
	EndGlobalSection
	GlobalSection(SolutionProperties) = preSolution
		HideSolutionNode = FALSE
	EndGlobalSection
	GlobalSection(ExtensibilityGlobals) = postSolution
		SolutionGuid = {B37BF04A-D648-45AD-A5CD-43606AFAA9F7}
	EndGlobalSection
EndGlobal
