
Microsoft Visual Studio Solution File, Format Version 12.00
# Visual Studio 15
VisualStudioVersion = 15.0.28307.539
MinimumVisualStudioVersion = 10.0.40219.1
Project("{FAE04EC0-301F-11D3-BF4B-00C04F79EFBC}") = "GestureSensor", "GestureSensor\GestureSensor\GestureSensor.csproj", "{13106EAC-5AE4-4F16-B7BA-60E5BD40C560}"
EndProject
Project("{FAE04EC0-301F-11D3-BF4B-00C04F79EFBC}") = "GestureSensor.Tizen.Wearable", "GestureSensor\GestureSensor.Tizen.Wearable\GestureSensor.Tizen.Wearable.csproj", "{B088C8FA-403F-49CD-BCC5-7328FC1DD021}"
EndProject
Global
	GlobalSection(SolutionConfigurationPlatforms) = preSolution
		Debug|Any CPU = Debug|Any CPU
		Release|Any CPU = Release|Any CPU
	EndGlobalSection
	GlobalSection(ProjectConfigurationPlatforms) = postSolution
		{13106EAC-5AE4-4F16-B7BA-60E5BD40C560}.Debug|Any CPU.ActiveCfg = Debug|Any CPU
		{13106EAC-5AE4-4F16-B7BA-60E5BD40C560}.Debug|Any CPU.Build.0 = Debug|Any CPU
		{13106EAC-5AE4-4F16-B7BA-60E5BD40C560}.Release|Any CPU.ActiveCfg = Release|Any CPU
		{13106EAC-5AE4-4F16-B7BA-60E5BD40C560}.Release|Any CPU.Build.0 = Release|Any CPU
		{B088C8FA-403F-49CD-BCC5-7328FC1DD021}.Debug|Any CPU.ActiveCfg = Debug|Any CPU
		{B088C8FA-403F-49CD-BCC5-7328FC1DD021}.Debug|Any CPU.Build.0 = Debug|Any CPU
		{B088C8FA-403F-49CD-BCC5-7328FC1DD021}.Release|Any CPU.ActiveCfg = Release|Any CPU
		{B088C8FA-403F-49CD-BCC5-7328FC1DD021}.Release|Any CPU.Build.0 = Release|Any CPU
	EndGlobalSection
	GlobalSection(SolutionProperties) = preSolution
		HideSolutionNode = FALSE
	EndGlobalSection
	GlobalSection(ExtensibilityGlobals) = postSolution
		SolutionGuid = {8102E717-CB95-4EF9-8221-A7C72A33BAD4}
	EndGlobalSection
EndGlobal
