
Microsoft Visual Studio Solution File, Format Version 12.00
# Visual Studio 15
VisualStudioVersion = 15.0.27004.2002
MinimumVisualStudioVersion = 10.0.40219.1
Project("{FAE04EC0-301F-11D3-BF4B-00C04F79EFBC}") = "Clock", "Clock\Clock\Clock.csproj", "{9F17F640-E7A0-47B9-843F-DF5A387F741C}"
EndProject
Project("{FAE04EC0-301F-11D3-BF4B-00C04F79EFBC}") = "Clock.Tizen.Mobile", "Clock\Clock.Tizen.Mobile\Clock.Tizen.Mobile.csproj", "{02E8CF1E-60E8-41AF-97A0-2735650F1C71}"
EndProject
Global
	GlobalSection(SolutionConfigurationPlatforms) = preSolution
		Debug|Any CPU = Debug|Any CPU
		Release|Any CPU = Release|Any CPU
	EndGlobalSection
	GlobalSection(ProjectConfigurationPlatforms) = postSolution
		{9F17F640-E7A0-47B9-843F-DF5A387F741C}.Debug|Any CPU.ActiveCfg = Debug|Any CPU
		{9F17F640-E7A0-47B9-843F-DF5A387F741C}.Debug|Any CPU.Build.0 = Debug|Any CPU
		{9F17F640-E7A0-47B9-843F-DF5A387F741C}.Release|Any CPU.ActiveCfg = Release|Any CPU
		{9F17F640-E7A0-47B9-843F-DF5A387F741C}.Release|Any CPU.Build.0 = Release|Any CPU
		{02E8CF1E-60E8-41AF-97A0-2735650F1C71}.Debug|Any CPU.ActiveCfg = Debug|Any CPU
		{02E8CF1E-60E8-41AF-97A0-2735650F1C71}.Debug|Any CPU.Build.0 = Debug|Any CPU
		{02E8CF1E-60E8-41AF-97A0-2735650F1C71}.Release|Any CPU.ActiveCfg = Release|Any CPU
		{02E8CF1E-60E8-41AF-97A0-2735650F1C71}.Release|Any CPU.Build.0 = Release|Any CPU
	EndGlobalSection
	GlobalSection(SolutionProperties) = preSolution
		HideSolutionNode = FALSE
	EndGlobalSection
	GlobalSection(ExtensibilityGlobals) = postSolution
		SolutionGuid = {745B7682-A9A2-431B-A230-58A8FE9DD2C1}
	EndGlobalSection
EndGlobal
