
Microsoft Visual Studio Solution File, Format Version 12.00
# Visual Studio 15
VisualStudioVersion = 15.0.26730.10
MinimumVisualStudioVersion = 10.0.40219.1
Project("{9A19103F-16F7-4668-BE54-9A1E7A4F7556}") = "XStopWatch", "XStopWatch\XStopWatch\XStopWatch.csproj", "{53FD2233-CF08-4FD5-830C-F5CCABE1A2EE}"
EndProject
Global
	GlobalSection(SolutionConfigurationPlatforms) = preSolution
		Debug|Any CPU = Debug|Any CPU
		Release|Any CPU = Release|Any CPU
	EndGlobalSection
	GlobalSection(ProjectConfigurationPlatforms) = postSolution
		{53FD2233-CF08-4FD5-830C-F5CCABE1A2EE}.Debug|Any CPU.ActiveCfg = Debug|Any CPU
		{53FD2233-CF08-4FD5-830C-F5CCABE1A2EE}.Debug|Any CPU.Build.0 = Debug|Any CPU
		{53FD2233-CF08-4FD5-830C-F5CCABE1A2EE}.Release|Any CPU.ActiveCfg = Release|Any CPU
		{53FD2233-CF08-4FD5-830C-F5CCABE1A2EE}.Release|Any CPU.Build.0 = Release|Any CPU
	EndGlobalSection
	GlobalSection(SolutionProperties) = preSolution
		HideSolutionNode = FALSE
	EndGlobalSection
	GlobalSection(ExtensibilityGlobals) = postSolution
		SolutionGuid = {6AFA13DC-F379-4046-A6E7-3599045EE89F}
	EndGlobalSection
EndGlobal
