
Microsoft Visual Studio Solution File, Format Version 12.00
# Visual Studio 15
VisualStudioVersion = 15.0.27703.2042
MinimumVisualStudioVersion = 10.0.40219.1
Project("{FAE04EC0-301F-11D3-BF4B-00C04F79EFBC}") = "Alarm", "Alarm\Alarm.csproj", "{A3B533AD-3C0B-45C7-BFF9-F55039B45C66}"
EndProject
Global
	GlobalSection(SolutionConfigurationPlatforms) = preSolution
		Debug|Any CPU = Debug|Any CPU
		Release|Any CPU = Release|Any CPU
	EndGlobalSection
	GlobalSection(ProjectConfigurationPlatforms) = postSolution
		{A3B533AD-3C0B-45C7-BFF9-F55039B45C66}.Debug|Any CPU.ActiveCfg = Debug|Any CPU
		{A3B533AD-3C0B-45C7-BFF9-F55039B45C66}.Debug|Any CPU.Build.0 = Debug|Any CPU
		{A3B533AD-3C0B-45C7-BFF9-F55039B45C66}.Release|Any CPU.ActiveCfg = Release|Any CPU
		{A3B533AD-3C0B-45C7-BFF9-F55039B45C66}.Release|Any CPU.Build.0 = Release|Any CPU
	EndGlobalSection
	GlobalSection(SolutionProperties) = preSolution
		HideSolutionNode = FALSE
	EndGlobalSection
	GlobalSection(ExtensibilityGlobals) = postSolution
		SolutionGuid = {FAB681C8-A088-4222-BCF3-60C3C6157469}
	EndGlobalSection
EndGlobal
