
Microsoft Visual Studio Solution File, Format Version 12.00
# Visual Studio 15
VisualStudioVersion = 15.0.26730.12
MinimumVisualStudioVersion = 10.0.40219.1
Project("{FAE04EC0-301F-11D3-BF4B-00C04F79EFBC}") = "MusicPlayerUI", "MusicPlayerUI\MusicPlayerUI\MusicPlayerUI.csproj", "{CA661AA9-0E7E-4F76-8003-C1A30F892A22}"
EndProject
Project("{9A19103F-16F7-4668-BE54-9A1E7A4F7556}") = "MusicPlayerUI.TizenTV", "MusicPlayerUI\MusicPlayerUI.TizenTV\MusicPlayerUI.TizenTV.csproj", "{6DC5109C-AF7E-40AF-BA61-D3E07F060117}"
EndProject
Global
	GlobalSection(SolutionConfigurationPlatforms) = preSolution
		Ad-Hoc|Any CPU = Ad-Hoc|Any CPU
		Ad-Hoc|ARM = Ad-Hoc|ARM
		Ad-Hoc|iPhone = Ad-Hoc|iPhone
		Ad-Hoc|iPhoneSimulator = Ad-Hoc|iPhoneSimulator
		Ad-Hoc|x64 = Ad-Hoc|x64
		Ad-Hoc|x86 = Ad-Hoc|x86
		AppStore|Any CPU = AppStore|Any CPU
		AppStore|ARM = AppStore|ARM
		AppStore|iPhone = AppStore|iPhone
		AppStore|iPhoneSimulator = AppStore|iPhoneSimulator
		AppStore|x64 = AppStore|x64
		AppStore|x86 = AppStore|x86
		Debug|Any CPU = Debug|Any CPU
		Debug|ARM = Debug|ARM
		Debug|iPhone = Debug|iPhone
		Debug|iPhoneSimulator = Debug|iPhoneSimulator
		Debug|x64 = Debug|x64
		Debug|x86 = Debug|x86
		Release|Any CPU = Release|Any CPU
		Release|ARM = Release|ARM
		Release|iPhone = Release|iPhone
		Release|iPhoneSimulator = Release|iPhoneSimulator
		Release|x64 = Release|x64
		Release|x86 = Release|x86
	EndGlobalSection
	GlobalSection(ProjectConfigurationPlatforms) = postSolution
		{CA661AA9-0E7E-4F76-8003-C1A30F892A22}.Ad-Hoc|Any CPU.ActiveCfg = Release|Any CPU
		{CA661AA9-0E7E-4F76-8003-C1A30F892A22}.Ad-Hoc|Any CPU.Build.0 = Release|Any CPU
		{CA661AA9-0E7E-4F76-8003-C1A30F892A22}.Ad-Hoc|ARM.ActiveCfg = Release|Any CPU
		{CA661AA9-0E7E-4F76-8003-C1A30F892A22}.Ad-Hoc|ARM.Build.0 = Release|Any CPU
		{CA661AA9-0E7E-4F76-8003-C1A30F892A22}.Ad-Hoc|iPhone.ActiveCfg = Release|Any CPU
		{CA661AA9-0E7E-4F76-8003-C1A30F892A22}.Ad-Hoc|iPhone.Build.0 = Release|Any CPU
		{CA661AA9-0E7E-4F76-8003-C1A30F892A22}.Ad-Hoc|iPhoneSimulator.ActiveCfg = Release|Any CPU
		{CA661AA9-0E7E-4F76-8003-C1A30F892A22}.Ad-Hoc|iPhoneSimulator.Build.0 = Release|Any CPU
		{CA661AA9-0E7E-4F76-8003-C1A30F892A22}.Ad-Hoc|x64.ActiveCfg = Release|Any CPU
		{CA661AA9-0E7E-4F76-8003-C1A30F892A22}.Ad-Hoc|x64.Build.0 = Release|Any CPU
		{CA661AA9-0E7E-4F76-8003-C1A30F892A22}.Ad-Hoc|x86.ActiveCfg = Release|Any CPU
		{CA661AA9-0E7E-4F76-8003-C1A30F892A22}.Ad-Hoc|x86.Build.0 = Release|Any CPU
		{CA661AA9-0E7E-4F76-8003-C1A30F892A22}.AppStore|Any CPU.ActiveCfg = Release|Any CPU
		{CA661AA9-0E7E-4F76-8003-C1A30F892A22}.AppStore|Any CPU.Build.0 = Release|Any CPU
		{CA661AA9-0E7E-4F76-8003-C1A30F892A22}.AppStore|ARM.ActiveCfg = Release|Any CPU
		{CA661AA9-0E7E-4F76-8003-C1A30F892A22}.AppStore|ARM.Build.0 = Release|Any CPU
		{CA661AA9-0E7E-4F76-8003-C1A30F892A22}.AppStore|iPhone.ActiveCfg = Release|Any CPU
		{CA661AA9-0E7E-4F76-8003-C1A30F892A22}.AppStore|iPhone.Build.0 = Release|Any CPU
		{CA661AA9-0E7E-4F76-8003-C1A30F892A22}.AppStore|iPhoneSimulator.ActiveCfg = Release|Any CPU
		{CA661AA9-0E7E-4F76-8003-C1A30F892A22}.AppStore|iPhoneSimulator.Build.0 = Release|Any CPU
		{CA661AA9-0E7E-4F76-8003-C1A30F892A22}.AppStore|x64.ActiveCfg = Release|Any CPU
		{CA661AA9-0E7E-4F76-8003-C1A30F892A22}.AppStore|x64.Build.0 = Release|Any CPU
		{CA661AA9-0E7E-4F76-8003-C1A30F892A22}.AppStore|x86.ActiveCfg = Release|Any CPU
		{CA661AA9-0E7E-4F76-8003-C1A30F892A22}.AppStore|x86.Build.0 = Release|Any CPU
		{CA661AA9-0E7E-4F76-8003-C1A30F892A22}.Debug|Any CPU.ActiveCfg = Debug|Any CPU
		{CA661AA9-0E7E-4F76-8003-C1A30F892A22}.Debug|Any CPU.Build.0 = Debug|Any CPU
		{CA661AA9-0E7E-4F76-8003-C1A30F892A22}.Debug|ARM.ActiveCfg = Debug|Any CPU
		{CA661AA9-0E7E-4F76-8003-C1A30F892A22}.Debug|ARM.Build.0 = Debug|Any CPU
		{CA661AA9-0E7E-4F76-8003-C1A30F892A22}.Debug|iPhone.ActiveCfg = Debug|Any CPU
		{CA661AA9-0E7E-4F76-8003-C1A30F892A22}.Debug|iPhone.Build.0 = Debug|Any CPU
		{CA661AA9-0E7E-4F76-8003-C1A30F892A22}.Debug|iPhoneSimulator.ActiveCfg = Debug|Any CPU
		{CA661AA9-0E7E-4F76-8003-C1A30F892A22}.Debug|iPhoneSimulator.Build.0 = Debug|Any CPU
		{CA661AA9-0E7E-4F76-8003-C1A30F892A22}.Debug|x64.ActiveCfg = Debug|Any CPU
		{CA661AA9-0E7E-4F76-8003-C1A30F892A22}.Debug|x64.Build.0 = Debug|Any CPU
		{CA661AA9-0E7E-4F76-8003-C1A30F892A22}.Debug|x86.ActiveCfg = Debug|Any CPU
		{CA661AA9-0E7E-4F76-8003-C1A30F892A22}.Debug|x86.Build.0 = Debug|Any CPU
		{CA661AA9-0E7E-4F76-8003-C1A30F892A22}.Release|Any CPU.ActiveCfg = Release|Any CPU
		{CA661AA9-0E7E-4F76-8003-C1A30F892A22}.Release|Any CPU.Build.0 = Release|Any CPU
		{CA661AA9-0E7E-4F76-8003-C1A30F892A22}.Release|ARM.ActiveCfg = Release|Any CPU
		{CA661AA9-0E7E-4F76-8003-C1A30F892A22}.Release|ARM.Build.0 = Release|Any CPU
		{CA661AA9-0E7E-4F76-8003-C1A30F892A22}.Release|iPhone.ActiveCfg = Release|Any CPU
		{CA661AA9-0E7E-4F76-8003-C1A30F892A22}.Release|iPhone.Build.0 = Release|Any CPU
		{CA661AA9-0E7E-4F76-8003-C1A30F892A22}.Release|iPhoneSimulator.ActiveCfg = Release|Any CPU
		{CA661AA9-0E7E-4F76-8003-C1A30F892A22}.Release|iPhoneSimulator.Build.0 = Release|Any CPU
		{CA661AA9-0E7E-4F76-8003-C1A30F892A22}.Release|x64.ActiveCfg = Release|Any CPU
		{CA661AA9-0E7E-4F76-8003-C1A30F892A22}.Release|x64.Build.0 = Release|Any CPU
		{CA661AA9-0E7E-4F76-8003-C1A30F892A22}.Release|x86.ActiveCfg = Release|Any CPU
		{CA661AA9-0E7E-4F76-8003-C1A30F892A22}.Release|x86.Build.0 = Release|Any CPU
		{6DC5109C-AF7E-40AF-BA61-D3E07F060117}.Ad-Hoc|Any CPU.ActiveCfg = Debug|Any CPU
		{6DC5109C-AF7E-40AF-BA61-D3E07F060117}.Ad-Hoc|Any CPU.Build.0 = Debug|Any CPU
		{6DC5109C-AF7E-40AF-BA61-D3E07F060117}.Ad-Hoc|ARM.ActiveCfg = Debug|Any CPU
		{6DC5109C-AF7E-40AF-BA61-D3E07F060117}.Ad-Hoc|ARM.Build.0 = Debug|Any CPU
		{6DC5109C-AF7E-40AF-BA61-D3E07F060117}.Ad-Hoc|iPhone.ActiveCfg = Debug|Any CPU
		{6DC5109C-AF7E-40AF-BA61-D3E07F060117}.Ad-Hoc|iPhone.Build.0 = Debug|Any CPU
		{6DC5109C-AF7E-40AF-BA61-D3E07F060117}.Ad-Hoc|iPhoneSimulator.ActiveCfg = Debug|Any CPU
		{6DC5109C-AF7E-40AF-BA61-D3E07F060117}.Ad-Hoc|iPhoneSimulator.Build.0 = Debug|Any CPU
		{6DC5109C-AF7E-40AF-BA61-D3E07F060117}.Ad-Hoc|x64.ActiveCfg = Debug|Any CPU
		{6DC5109C-AF7E-40AF-BA61-D3E07F060117}.Ad-Hoc|x64.Build.0 = Debug|Any CPU
		{6DC5109C-AF7E-40AF-BA61-D3E07F060117}.Ad-Hoc|x86.ActiveCfg = Debug|Any CPU
		{6DC5109C-AF7E-40AF-BA61-D3E07F060117}.Ad-Hoc|x86.Build.0 = Debug|Any CPU
		{6DC5109C-AF7E-40AF-BA61-D3E07F060117}.AppStore|Any CPU.ActiveCfg = Debug|Any CPU
		{6DC5109C-AF7E-40AF-BA61-D3E07F060117}.AppStore|Any CPU.Build.0 = Debug|Any CPU
		{6DC5109C-AF7E-40AF-BA61-D3E07F060117}.AppStore|ARM.ActiveCfg = Debug|Any CPU
		{6DC5109C-AF7E-40AF-BA61-D3E07F060117}.AppStore|ARM.Build.0 = Debug|Any CPU
		{6DC5109C-AF7E-40AF-BA61-D3E07F060117}.AppStore|iPhone.ActiveCfg = Debug|Any CPU
		{6DC5109C-AF7E-40AF-BA61-D3E07F060117}.AppStore|iPhone.Build.0 = Debug|Any CPU
		{6DC5109C-AF7E-40AF-BA61-D3E07F060117}.AppStore|iPhoneSimulator.ActiveCfg = Debug|Any CPU
		{6DC5109C-AF7E-40AF-BA61-D3E07F060117}.AppStore|iPhoneSimulator.Build.0 = Debug|Any CPU
		{6DC5109C-AF7E-40AF-BA61-D3E07F060117}.AppStore|x64.ActiveCfg = Debug|Any CPU
		{6DC5109C-AF7E-40AF-BA61-D3E07F060117}.AppStore|x64.Build.0 = Debug|Any CPU
		{6DC5109C-AF7E-40AF-BA61-D3E07F060117}.AppStore|x86.ActiveCfg = Debug|Any CPU
		{6DC5109C-AF7E-40AF-BA61-D3E07F060117}.AppStore|x86.Build.0 = Debug|Any CPU
		{6DC5109C-AF7E-40AF-BA61-D3E07F060117}.Debug|Any CPU.ActiveCfg = Debug|Any CPU
		{6DC5109C-AF7E-40AF-BA61-D3E07F060117}.Debug|Any CPU.Build.0 = Debug|Any CPU
		{6DC5109C-AF7E-40AF-BA61-D3E07F060117}.Debug|ARM.ActiveCfg = Debug|Any CPU
		{6DC5109C-AF7E-40AF-BA61-D3E07F060117}.Debug|ARM.Build.0 = Debug|Any CPU
		{6DC5109C-AF7E-40AF-BA61-D3E07F060117}.Debug|iPhone.ActiveCfg = Debug|Any CPU
		{6DC5109C-AF7E-40AF-BA61-D3E07F060117}.Debug|iPhone.Build.0 = Debug|Any CPU
		{6DC5109C-AF7E-40AF-BA61-D3E07F060117}.Debug|iPhoneSimulator.ActiveCfg = Debug|Any CPU
		{6DC5109C-AF7E-40AF-BA61-D3E07F060117}.Debug|iPhoneSimulator.Build.0 = Debug|Any CPU
		{6DC5109C-AF7E-40AF-BA61-D3E07F060117}.Debug|x64.ActiveCfg = Debug|Any CPU
		{6DC5109C-AF7E-40AF-BA61-D3E07F060117}.Debug|x64.Build.0 = Debug|Any CPU
		{6DC5109C-AF7E-40AF-BA61-D3E07F060117}.Debug|x86.ActiveCfg = Debug|Any CPU
		{6DC5109C-AF7E-40AF-BA61-D3E07F060117}.Debug|x86.Build.0 = Debug|Any CPU
		{6DC5109C-AF7E-40AF-BA61-D3E07F060117}.Release|Any CPU.ActiveCfg = Release|Any CPU
		{6DC5109C-AF7E-40AF-BA61-D3E07F060117}.Release|Any CPU.Build.0 = Release|Any CPU
		{6DC5109C-AF7E-40AF-BA61-D3E07F060117}.Release|ARM.ActiveCfg = Release|Any CPU
		{6DC5109C-AF7E-40AF-BA61-D3E07F060117}.Release|ARM.Build.0 = Release|Any CPU
		{6DC5109C-AF7E-40AF-BA61-D3E07F060117}.Release|iPhone.ActiveCfg = Release|Any CPU
		{6DC5109C-AF7E-40AF-BA61-D3E07F060117}.Release|iPhone.Build.0 = Release|Any CPU
		{6DC5109C-AF7E-40AF-BA61-D3E07F060117}.Release|iPhoneSimulator.ActiveCfg = Release|Any CPU
		{6DC5109C-AF7E-40AF-BA61-D3E07F060117}.Release|iPhoneSimulator.Build.0 = Release|Any CPU
		{6DC5109C-AF7E-40AF-BA61-D3E07F060117}.Release|x64.ActiveCfg = Release|Any CPU
		{6DC5109C-AF7E-40AF-BA61-D3E07F060117}.Release|x64.Build.0 = Release|Any CPU
		{6DC5109C-AF7E-40AF-BA61-D3E07F060117}.Release|x86.ActiveCfg = Release|Any CPU
		{6DC5109C-AF7E-40AF-BA61-D3E07F060117}.Release|x86.Build.0 = Release|Any CPU
	EndGlobalSection
	GlobalSection(SolutionProperties) = preSolution
		HideSolutionNode = FALSE
	EndGlobalSection
	GlobalSection(ExtensibilityGlobals) = postSolution
		SolutionGuid = {B9E665A6-E01E-4E1D-A9EE-32E15D47BD45}
	EndGlobalSection
EndGlobal
