
Microsoft Visual Studio Solution File, Format Version 12.00
# Visual Studio Version 16
VisualStudioVersion = 16.0.31624.102
MinimumVisualStudioVersion = 10.0.40219.1
Project("{FAE04EC0-301F-11D3-BF4B-00C04F79EFBC}") = "Location", "Location\Location.csproj", "{C6C6E9A5-8FCD-4019-888E-F49E02598DAA}"
EndProject
Global
	GlobalSection(SolutionConfigurationPlatforms) = preSolution
		Debug|Any CPU = Debug|Any CPU
		Release|Any CPU = Release|Any CPU
	EndGlobalSection
	GlobalSection(ProjectConfigurationPlatforms) = postSolution
		{C6C6E9A5-8FCD-4019-888E-F49E02598DAA}.Debug|Any CPU.ActiveCfg = Debug|Any CPU
		{C6C6E9A5-8FCD-4019-888E-F49E02598DAA}.Debug|Any CPU.Build.0 = Debug|Any CPU
		{C6C6E9A5-8FCD-4019-888E-F49E02598DAA}.Release|Any CPU.ActiveCfg = Release|Any CPU
		{C6C6E9A5-8FCD-4019-888E-F49E02598DAA}.Release|Any CPU.Build.0 = Release|Any CPU
	EndGlobalSection
	GlobalSection(SolutionProperties) = preSolution
		HideSolutionNode = FALSE
	EndGlobalSection
	GlobalSection(ExtensibilityGlobals) = postSolution
		SolutionGuid = {BE31A782-159B-4547-9244-6DF1EBCC12BE}
	EndGlobalSection
EndGlobal
