
Microsoft Visual Studio Solution File, Format Version 12.00
# Visual Studio 15
VisualStudioVersion = 15.0.27703.2042
MinimumVisualStudioVersion = 10.0.40219.1
Project("{9A19103F-16F7-4668-BE54-9A1E7A4F7556}") = "Calculator", "Calculator\Calculator.csproj", "{BEFE0E16-9184-4AEE-9793-AF374BFDA5E7}"
EndProject
Global
	GlobalSection(SolutionConfigurationPlatforms) = preSolution
		Debug|Any CPU = Debug|Any CPU
		Release|Any CPU = Release|Any CPU
	EndGlobalSection
	GlobalSection(ProjectConfigurationPlatforms) = postSolution
		{BEFE0E16-9184-4AEE-9793-AF374BFDA5E7}.Debug|Any CPU.ActiveCfg = Debug|Any CPU
		{BEFE0E16-9184-4AEE-9793-AF374BFDA5E7}.Debug|Any CPU.Build.0 = Debug|Any CPU
		{BEFE0E16-9184-4AEE-9793-AF374BFDA5E7}.Release|Any CPU.ActiveCfg = Release|Any CPU
		{BEFE0E16-9184-4AEE-9793-AF374BFDA5E7}.Release|Any CPU.Build.0 = Release|Any CPU
	EndGlobalSection
	GlobalSection(SolutionProperties) = preSolution
		HideSolutionNode = FALSE
	EndGlobalSection
	GlobalSection(ExtensibilityGlobals) = postSolution
		SolutionGuid = {332903D4-E06B-475C-ACDB-C5F7AF481E20}
	EndGlobalSection
EndGlobal
