
Microsoft Visual Studio Solution File, Format Version 12.00
# Visual Studio Version 16
VisualStudioVersion = 16.0.32929.386
MinimumVisualStudioVersion = 10.0.40219.1
Project("{9A19103F-16F7-4668-BE54-9A1E7A4F7556}") = "Piano.Tizen.Mobile", "Piano\Piano.Tizen.Mobile\Piano.Tizen.Mobile.csproj", "{88E15381-DFC8-41CA-9D73-078B77F8A6BE}"
EndProject
Global
	GlobalSection(SolutionConfigurationPlatforms) = preSolution
		Debug|Any CPU = Debug|Any CPU
		Release|Any CPU = Release|Any CPU
	EndGlobalSection
	GlobalSection(ProjectConfigurationPlatforms) = postSolution
		{88E15381-DFC8-41CA-9D73-078B77F8A6BE}.Debug|Any CPU.ActiveCfg = Debug|Any CPU
		{88E15381-DFC8-41CA-9D73-078B77F8A6BE}.Debug|Any CPU.Build.0 = Debug|Any CPU
		{88E15381-DFC8-41CA-9D73-078B77F8A6BE}.Release|Any CPU.ActiveCfg = Release|Any CPU
		{88E15381-DFC8-41CA-9D73-078B77F8A6BE}.Release|Any CPU.Build.0 = Release|Any CPU
	EndGlobalSection
	GlobalSection(SolutionProperties) = preSolution
		HideSolutionNode = FALSE
	EndGlobalSection
	GlobalSection(ExtensibilityGlobals) = postSolution
		SolutionGuid = {20650979-F309-4E7A-A3F4-836C2B3E9834}
	EndGlobalSection
EndGlobal
