
Microsoft Visual Studio Solution File, Format Version 12.00
# Visual Studio 15
VisualStudioVersion = 15.0.28307.168
MinimumVisualStudioVersion = 10.0.40219.1
Project("{FAE04EC0-301F-11D3-BF4B-00C04F79EFBC}") = "Ultraviolet", "Ultraviolet\Ultraviolet\Ultraviolet.csproj", "{AF165B82-A890-46A8-BE4C-CB4C634982C9}"
EndProject
Project("{FAE04EC0-301F-11D3-BF4B-00C04F79EFBC}") = "Ultraviolet.Tizen.Wearable", "Ultraviolet\Ultraviolet.Tizen.Wearable\Ultraviolet.Tizen.Wearable.csproj", "{BC70E83F-3567-4B0E-9FD6-86EA893C87F0}"
EndProject
Global
	GlobalSection(SolutionConfigurationPlatforms) = preSolution
		Debug|Any CPU = Debug|Any CPU
		Release|Any CPU = Release|Any CPU
	EndGlobalSection
	GlobalSection(ProjectConfigurationPlatforms) = postSolution
		{AF165B82-A890-46A8-BE4C-CB4C634982C9}.Debug|Any CPU.ActiveCfg = Debug|Any CPU
		{AF165B82-A890-46A8-BE4C-CB4C634982C9}.Debug|Any CPU.Build.0 = Debug|Any CPU
		{AF165B82-A890-46A8-BE4C-CB4C634982C9}.Release|Any CPU.ActiveCfg = Release|Any CPU
		{AF165B82-A890-46A8-BE4C-CB4C634982C9}.Release|Any CPU.Build.0 = Release|Any CPU
		{BC70E83F-3567-4B0E-9FD6-86EA893C87F0}.Debug|Any CPU.ActiveCfg = Debug|Any CPU
		{BC70E83F-3567-4B0E-9FD6-86EA893C87F0}.Debug|Any CPU.Build.0 = Debug|Any CPU
		{BC70E83F-3567-4B0E-9FD6-86EA893C87F0}.Release|Any CPU.ActiveCfg = Release|Any CPU
		{BC70E83F-3567-4B0E-9FD6-86EA893C87F0}.Release|Any CPU.Build.0 = Release|Any CPU
	EndGlobalSection
	GlobalSection(SolutionProperties) = preSolution
		HideSolutionNode = FALSE
	EndGlobalSection
	GlobalSection(ExtensibilityGlobals) = postSolution
		SolutionGuid = {EB8472A2-003D-4F77-9BDB-67CA95C81943}
	EndGlobalSection
EndGlobal
