
Microsoft Visual Studio Solution File, Format Version 12.00
# Visual Studio 15
VisualStudioVersion = 15.0.26730.12
MinimumVisualStudioVersion = 10.0.40219.1
Project("{FAE04EC0-301F-11D3-BF4B-00C04F79EFBC}") = "Location", "Location\Location\Location.csproj", "{B7D21C59-CFF1-4166-8089-2EBE340A5FFE}"
EndProject
Project("{FAE04EC0-301F-11D3-BF4B-00C04F79EFBC}") = "Location.Tizen.Mobile", "Location\Location.Tizen.Mobile\Location.Tizen.Mobile.csproj", "{C64ED301-FE80-44B3-9079-086C730D2CEC}"
EndProject
Global
	GlobalSection(SolutionConfigurationPlatforms) = preSolution
		Debug|Any CPU = Debug|Any CPU
		Release|Any CPU = Release|Any CPU
	EndGlobalSection
	GlobalSection(ProjectConfigurationPlatforms) = postSolution
		{B7D21C59-CFF1-4166-8089-2EBE340A5FFE}.Debug|Any CPU.ActiveCfg = Debug|Any CPU
		{B7D21C59-CFF1-4166-8089-2EBE340A5FFE}.Debug|Any CPU.Build.0 = Debug|Any CPU
		{B7D21C59-CFF1-4166-8089-2EBE340A5FFE}.Release|Any CPU.ActiveCfg = Release|Any CPU
		{B7D21C59-CFF1-4166-8089-2EBE340A5FFE}.Release|Any CPU.Build.0 = Release|Any CPU
		{C64ED301-FE80-44B3-9079-086C730D2CEC}.Debug|Any CPU.ActiveCfg = Debug|Any CPU
		{C64ED301-FE80-44B3-9079-086C730D2CEC}.Debug|Any CPU.Build.0 = Debug|Any CPU
		{C64ED301-FE80-44B3-9079-086C730D2CEC}.Release|Any CPU.ActiveCfg = Release|Any CPU
		{C64ED301-FE80-44B3-9079-086C730D2CEC}.Release|Any CPU.Build.0 = Release|Any CPU
	EndGlobalSection
	GlobalSection(SolutionProperties) = preSolution
		HideSolutionNode = FALSE
	EndGlobalSection
	GlobalSection(ExtensibilityGlobals) = postSolution
		SolutionGuid = {00497BEB-427B-41C3-B93F-029FC3D442FB}
	EndGlobalSection
EndGlobal
