
Microsoft Visual Studio Solution File, Format Version 12.00
# Visual Studio Version 16
VisualStudioVersion = 16.0.29519.181
MinimumVisualStudioVersion = 10.0.40219.1
Project("{FAE04EC0-301F-11D3-BF4B-00C04F79EFBC}") = "WatchFace", "WatchFace\WatchFace.csproj", "{36D3E8E7-D0BE-43C5-9941-30C724FA98FC}"
EndProject
Global
	GlobalSection(SolutionConfigurationPlatforms) = preSolution
		Debug|Any CPU = Debug|Any CPU
		Release|Any CPU = Release|Any CPU
	EndGlobalSection
	GlobalSection(ProjectConfigurationPlatforms) = postSolution
		{36D3E8E7-D0BE-43C5-9941-30C724FA98FC}.Debug|Any CPU.ActiveCfg = Debug|Any CPU
		{36D3E8E7-D0BE-43C5-9941-30C724FA98FC}.Debug|Any CPU.Build.0 = Debug|Any CPU
		{36D3E8E7-D0BE-43C5-9941-30C724FA98FC}.Release|Any CPU.ActiveCfg = Release|Any CPU
		{36D3E8E7-D0BE-43C5-9941-30C724FA98FC}.Release|Any CPU.Build.0 = Release|Any CPU
	EndGlobalSection
	GlobalSection(SolutionProperties) = preSolution
		HideSolutionNode = FALSE
	EndGlobalSection
	GlobalSection(ExtensibilityGlobals) = postSolution
		SolutionGuid = {0FB57657-ABD5-459C-A938-D1468CBDBFD7}
	EndGlobalSection
EndGlobal
