
Microsoft Visual Studio Solution File, Format Version 12.00
# Visual Studio 15
VisualStudioVersion = 15.0.26730.12
MinimumVisualStudioVersion = 10.0.40219.1
Project("{9A19103F-16F7-4668-BE54-9A1E7A4F7556}") = "MediaHubSample", "MediaHubSample\MediaHubSample.csproj", "{C4FEB05D-7000-4E74-942C-BCAC561C1720}"
EndProject
Global
	GlobalSection(SolutionConfigurationPlatforms) = preSolution
		Debug|Any CPU = Debug|Any CPU
		Release|Any CPU = Release|Any CPU
	EndGlobalSection
	GlobalSection(ProjectConfigurationPlatforms) = postSolution
		{C4FEB05D-7000-4E74-942C-BCAC561C1720}.Debug|Any CPU.ActiveCfg = Debug|Any CPU
		{C4FEB05D-7000-4E74-942C-BCAC561C1720}.Debug|Any CPU.Build.0 = Debug|Any CPU
		{C4FEB05D-7000-4E74-942C-BCAC561C1720}.Release|Any CPU.ActiveCfg = Release|Any CPU
		{C4FEB05D-7000-4E74-942C-BCAC561C1720}.Release|Any CPU.Build.0 = Release|Any CPU
	EndGlobalSection
	GlobalSection(SolutionProperties) = preSolution
		HideSolutionNode = FALSE
	EndGlobalSection
	GlobalSection(ExtensibilityGlobals) = postSolution
		SolutionGuid = {51811D09-F82C-4F08-8264-6A2730785E28}
	EndGlobalSection
EndGlobal
