
Microsoft Visual Studio Solution File, Format Version 12.00
# Visual Studio 15
VisualStudioVersion = 15.0.27703.2042
MinimumVisualStudioVersion = 10.0.40219.1
Project("{FAE04EC0-301F-11D3-BF4B-00C04F79EFBC}") = "PlayingWithHWInputs", "PlayingWithHWInputs\PlayingWithHWInputs.csproj", "{D0672DAC-CCFD-408D-A3F3-7D7B93329B01}"
EndProject
Global
	GlobalSection(SolutionConfigurationPlatforms) = preSolution
		Debug|Any CPU = Debug|Any CPU
		Release|Any CPU = Release|Any CPU
	EndGlobalSection
	GlobalSection(ProjectConfigurationPlatforms) = postSolution
		{D0672DAC-CCFD-408D-A3F3-7D7B93329B01}.Debug|Any CPU.ActiveCfg = Debug|Any CPU
		{D0672DAC-CCFD-408D-A3F3-7D7B93329B01}.Debug|Any CPU.Build.0 = Debug|Any CPU
		{D0672DAC-CCFD-408D-A3F3-7D7B93329B01}.Release|Any CPU.ActiveCfg = Release|Any CPU
		{D0672DAC-CCFD-408D-A3F3-7D7B93329B01}.Release|Any CPU.Build.0 = Release|Any CPU
	EndGlobalSection
	GlobalSection(SolutionProperties) = preSolution
		HideSolutionNode = FALSE
	EndGlobalSection
	GlobalSection(ExtensibilityGlobals) = postSolution
		SolutionGuid = {000372A8-352D-44C5-B586-85212BFBE7DE}
	EndGlobalSection
EndGlobal
