
Microsoft Visual Studio Solution File, Format Version 12.00
# Visual Studio 15
VisualStudioVersion = 15.0.28307.421
MinimumVisualStudioVersion = 10.0.40219.1
Project("{FAE04EC0-301F-11D3-BF4B-00C04F79EFBC}") = "UIApp", "UIApp\UIApp.csproj", "{71CC45B5-BAEE-4832-8F8E-E39FE8E5E58E}"
EndProject
Project("{FAE04EC0-301F-11D3-BF4B-00C04F79EFBC}") = "ElmSharpWidget", "ElmSharpWidget\ElmSharpWidget.csproj", "{8B24495C-6ED2-4BF0-BC9A-64BC70E2B597}"
EndProject
Global
	GlobalSection(SolutionConfigurationPlatforms) = preSolution
		Debug|Any CPU = Debug|Any CPU
		Release|Any CPU = Release|Any CPU
	EndGlobalSection
	GlobalSection(ProjectConfigurationPlatforms) = postSolution
		{71CC45B5-BAEE-4832-8F8E-E39FE8E5E58E}.Debug|Any CPU.ActiveCfg = Debug|Any CPU
		{71CC45B5-BAEE-4832-8F8E-E39FE8E5E58E}.Debug|Any CPU.Build.0 = Debug|Any CPU
		{71CC45B5-BAEE-4832-8F8E-E39FE8E5E58E}.Release|Any CPU.ActiveCfg = Release|Any CPU
		{71CC45B5-BAEE-4832-8F8E-E39FE8E5E58E}.Release|Any CPU.Build.0 = Release|Any CPU
		{8B24495C-6ED2-4BF0-BC9A-64BC70E2B597}.Debug|Any CPU.ActiveCfg = Debug|Any CPU
		{8B24495C-6ED2-4BF0-BC9A-64BC70E2B597}.Debug|Any CPU.Build.0 = Debug|Any CPU
		{8B24495C-6ED2-4BF0-BC9A-64BC70E2B597}.Release|Any CPU.ActiveCfg = Release|Any CPU
		{8B24495C-6ED2-4BF0-BC9A-64BC70E2B597}.Release|Any CPU.Build.0 = Release|Any CPU
	EndGlobalSection
	GlobalSection(SolutionProperties) = preSolution
		HideSolutionNode = FALSE
	EndGlobalSection
	GlobalSection(ExtensibilityGlobals) = postSolution
		SolutionGuid = {4DD0D023-A42A-40C2-BFD0-C2192A0B6D24}
	EndGlobalSection
EndGlobal
