
Microsoft Visual Studio Solution File, Format Version 12.00
# Visual Studio 15
VisualStudioVersion = 15.0.27703.2042
MinimumVisualStudioVersion = 10.0.40219.1
Project("{FAE04EC0-301F-11D3-BF4B-00C04F79EFBC}") = "TextReader", "TextReader\TextReader\TextReader.csproj", "{DD8A1C35-B82D-4545-A173-007346853AC5}"
EndProject
Project("{FAE04EC0-301F-11D3-BF4B-00C04F79EFBC}") = "TextReader.Tizen.Wearable", "TextReader\TextReader.Tizen.Wearable\TextReader.Tizen.Wearable.csproj", "{EB760C28-88C8-4259-8FAC-AF00D73FF33E}"
EndProject
Global
	GlobalSection(SolutionConfigurationPlatforms) = preSolution
		Debug|Any CPU = Debug|Any CPU
		Release|Any CPU = Release|Any CPU
	EndGlobalSection
	GlobalSection(ProjectConfigurationPlatforms) = postSolution
		{DD8A1C35-B82D-4545-A173-007346853AC5}.Debug|Any CPU.ActiveCfg = Debug|Any CPU
		{DD8A1C35-B82D-4545-A173-007346853AC5}.Debug|Any CPU.Build.0 = Debug|Any CPU
		{DD8A1C35-B82D-4545-A173-007346853AC5}.Release|Any CPU.ActiveCfg = Release|Any CPU
		{DD8A1C35-B82D-4545-A173-007346853AC5}.Release|Any CPU.Build.0 = Release|Any CPU
		{EB760C28-88C8-4259-8FAC-AF00D73FF33E}.Debug|Any CPU.ActiveCfg = Debug|Any CPU
		{EB760C28-88C8-4259-8FAC-AF00D73FF33E}.Debug|Any CPU.Build.0 = Debug|Any CPU
		{EB760C28-88C8-4259-8FAC-AF00D73FF33E}.Release|Any CPU.ActiveCfg = Release|Any CPU
		{EB760C28-88C8-4259-8FAC-AF00D73FF33E}.Release|Any CPU.Build.0 = Release|Any CPU
	EndGlobalSection
	GlobalSection(SolutionProperties) = preSolution
		HideSolutionNode = FALSE
	EndGlobalSection
	GlobalSection(ExtensibilityGlobals) = postSolution
		SolutionGuid = {7248D505-4ABF-4B58-996C-8F1C14A05FB6}
	EndGlobalSection
EndGlobal
