
Microsoft Visual Studio Solution File, Format Version 12.00
# Visual Studio Version 17
VisualStudioVersion = 17.4.33122.133
MinimumVisualStudioVersion = 10.0.40219.1
Project("{FAE04EC0-301F-11D3-BF4B-00C04F79EFBC}") = "SpeechToText", "SpeechToText.csproj", "{713F9FA8-A2BC-4CEB-A62A-D681F8ACD07F}"
EndProject
Global
	GlobalSection(SolutionConfigurationPlatforms) = preSolution
		Debug|Any CPU = Debug|Any CPU
		Release|Any CPU = Release|Any CPU
	EndGlobalSection
	GlobalSection(ProjectConfigurationPlatforms) = postSolution
		{713F9FA8-A2BC-4CEB-A62A-D681F8ACD07F}.Debug|Any CPU.ActiveCfg = Debug|Any CPU
		{713F9FA8-A2BC-4CEB-A62A-D681F8ACD07F}.Debug|Any CPU.Build.0 = Debug|Any CPU
		{713F9FA8-A2BC-4CEB-A62A-D681F8ACD07F}.Debug|Any CPU.Deploy.0 = Debug|Any CPU
		{713F9FA8-A2BC-4CEB-A62A-D681F8ACD07F}.Release|Any CPU.ActiveCfg = Release|Any CPU
		{713F9FA8-A2BC-4CEB-A62A-D681F8ACD07F}.Release|Any CPU.Build.0 = Release|Any CPU
		{713F9FA8-A2BC-4CEB-A62A-D681F8ACD07F}.Release|Any CPU.Deploy.0 = Release|Any CPU
	EndGlobalSection
	GlobalSection(SolutionProperties) = preSolution
		HideSolutionNode = FALSE
	EndGlobalSection
	GlobalSection(ExtensibilityGlobals) = postSolution
		SolutionGuid = {4FB41A0F-E243-46AA-98FF-8BF4C94E22D1}
	EndGlobalSection
EndGlobal
