
Microsoft Visual Studio Solution File, Format Version 12.00
# Visual Studio 15
VisualStudioVersion = 15.0.27703.2042
MinimumVisualStudioVersion = 10.0.40219.1
Project("{FAE04EC0-301F-11D3-BF4B-00C04F79EFBC}") = "PushReceiver", "PushReceiver\PushReceiver.csproj", "{3F928966-4B2D-4B24-9D84-8A9884150B8B}"
EndProject
Global
	GlobalSection(SolutionConfigurationPlatforms) = preSolution
		Debug|Any CPU = Debug|Any CPU
		Release|Any CPU = Release|Any CPU
	EndGlobalSection
	GlobalSection(ProjectConfigurationPlatforms) = postSolution
		{3F928966-4B2D-4B24-9D84-8A9884150B8B}.Debug|Any CPU.ActiveCfg = Debug|Any CPU
		{3F928966-4B2D-4B24-9D84-8A9884150B8B}.Debug|Any CPU.Build.0 = Debug|Any CPU
		{3F928966-4B2D-4B24-9D84-8A9884150B8B}.Release|Any CPU.ActiveCfg = Release|Any CPU
		{3F928966-4B2D-4B24-9D84-8A9884150B8B}.Release|Any CPU.Build.0 = Release|Any CPU
	EndGlobalSection
	GlobalSection(SolutionProperties) = preSolution
		HideSolutionNode = FALSE
	EndGlobalSection
	GlobalSection(ExtensibilityGlobals) = postSolution
		SolutionGuid = {511F1856-6909-4F58-8B79-663103553925}
	EndGlobalSection
EndGlobal
