
Microsoft Visual Studio Solution File, Format Version 12.00
# Visual Studio 15
VisualStudioVersion = 15.0.27703.2042
MinimumVisualStudioVersion = 10.0.40219.1
Project("{FAE04EC0-301F-11D3-BF4B-00C04F79EFBC}") = "AppInformation", "AppInformation\AppInformation.csproj", "{B85E8685-BFCD-4445-9B41-CF1732BF0FC0}"
EndProject
Global
	GlobalSection(SolutionConfigurationPlatforms) = preSolution
		Debug|Any CPU = Debug|Any CPU
		Release|Any CPU = Release|Any CPU
	EndGlobalSection
	GlobalSection(ProjectConfigurationPlatforms) = postSolution
		{B85E8685-BFCD-4445-9B41-CF1732BF0FC0}.Debug|Any CPU.ActiveCfg = Debug|Any CPU
		{B85E8685-BFCD-4445-9B41-CF1732BF0FC0}.Debug|Any CPU.Build.0 = Debug|Any CPU
		{B85E8685-BFCD-4445-9B41-CF1732BF0FC0}.Release|Any CPU.ActiveCfg = Release|Any CPU
		{B85E8685-BFCD-4445-9B41-CF1732BF0FC0}.Release|Any CPU.Build.0 = Release|Any CPU
	EndGlobalSection
	GlobalSection(SolutionProperties) = preSolution
		HideSolutionNode = FALSE
	EndGlobalSection
	GlobalSection(ExtensibilityGlobals) = postSolution
		SolutionGuid = {AD43308A-6D48-487E-B5B1-3EDD165D5001}
	EndGlobalSection
EndGlobal
