
Microsoft Visual Studio Solution File, Format Version 12.00
# Visual Studio 15
VisualStudioVersion = 15.0.26730.12
MinimumVisualStudioVersion = 10.0.40219.1
Project("{FAE04EC0-301F-11D3-BF4B-00C04F79EFBC}") = "NetworkApp", "NetworkApp\NetworkApp\NetworkApp.csproj", "{449C6CD6-512E-4986-90A4-E315590A6E13}"
EndProject
Project("{FAE04EC0-301F-11D3-BF4B-00C04F79EFBC}") = "NetworkApp.Tizen.Mobile", "NetworkApp\NetworkApp.Tizen.Mobile\NetworkApp.Tizen.Mobile.csproj", "{5822AE86-3F61-480C-BF3D-9855534A1A53}"
EndProject
Global
	GlobalSection(SolutionConfigurationPlatforms) = preSolution
		Debug|Any CPU = Debug|Any CPU
		Release|Any CPU = Release|Any CPU
	EndGlobalSection
	GlobalSection(ProjectConfigurationPlatforms) = postSolution
		{449C6CD6-512E-4986-90A4-E315590A6E13}.Debug|Any CPU.ActiveCfg = Debug|Any CPU
		{449C6CD6-512E-4986-90A4-E315590A6E13}.Debug|Any CPU.Build.0 = Debug|Any CPU
		{449C6CD6-512E-4986-90A4-E315590A6E13}.Release|Any CPU.ActiveCfg = Release|Any CPU
		{449C6CD6-512E-4986-90A4-E315590A6E13}.Release|Any CPU.Build.0 = Release|Any CPU
		{5822AE86-3F61-480C-BF3D-9855534A1A53}.Debug|Any CPU.ActiveCfg = Debug|Any CPU
		{5822AE86-3F61-480C-BF3D-9855534A1A53}.Debug|Any CPU.Build.0 = Debug|Any CPU
		{5822AE86-3F61-480C-BF3D-9855534A1A53}.Release|Any CPU.ActiveCfg = Release|Any CPU
		{5822AE86-3F61-480C-BF3D-9855534A1A53}.Release|Any CPU.Build.0 = Release|Any CPU
	EndGlobalSection
	GlobalSection(SolutionProperties) = preSolution
		HideSolutionNode = FALSE
	EndGlobalSection
	GlobalSection(ExtensibilityGlobals) = postSolution
		SolutionGuid = {D2A265A9-966F-4DAF-97FF-42D56E66ECBA}
	EndGlobalSection
EndGlobal
