
Microsoft Visual Studio Solution File, Format Version 12.00
# Visual Studio 15
VisualStudioVersion = 15.0.27703.2042
MinimumVisualStudioVersion = 10.0.40219.1
Project("{FAE04EC0-301F-11D3-BF4B-00C04F79EFBC}") = "ImageViewer", "ImageViewer\ImageViewer.csproj", "{5A9DB8EC-B57B-4334-A0DD-24A1A32C157D}"
EndProject
Global
	GlobalSection(SolutionConfigurationPlatforms) = preSolution
		Debug|Any CPU = Debug|Any CPU
		Release|Any CPU = Release|Any CPU
	EndGlobalSection
	GlobalSection(ProjectConfigurationPlatforms) = postSolution
		{5A9DB8EC-B57B-4334-A0DD-24A1A32C157D}.Debug|Any CPU.ActiveCfg = Debug|Any CPU
		{5A9DB8EC-B57B-4334-A0DD-24A1A32C157D}.Debug|Any CPU.Build.0 = Debug|Any CPU
		{5A9DB8EC-B57B-4334-A0DD-24A1A32C157D}.Release|Any CPU.ActiveCfg = Release|Any CPU
		{5A9DB8EC-B57B-4334-A0DD-24A1A32C157D}.Release|Any CPU.Build.0 = Release|Any CPU
	EndGlobalSection
	GlobalSection(SolutionProperties) = preSolution
		HideSolutionNode = FALSE
	EndGlobalSection
	GlobalSection(ExtensibilityGlobals) = postSolution
		SolutionGuid = {D74D596D-092E-4D8F-B17D-4AE9E0CF20EF}
	EndGlobalSection
EndGlobal
