
Microsoft Visual Studio Solution File, Format Version 12.00
# Visual Studio 15
VisualStudioVersion = 15.0.27703.2042
MinimumVisualStudioVersion = 10.0.40219.1
Project("{FAE04EC0-301F-11D3-BF4B-00C04F79EFBC}") = "ChronographWatch", "ChronographWatch\ChronographWatch.csproj", "{70BEF854-E8A4-4311-AF6E-DD39F865530C}"
EndProject
Global
	GlobalSection(SolutionConfigurationPlatforms) = preSolution
		Debug|Any CPU = Debug|Any CPU
		Release|Any CPU = Release|Any CPU
	EndGlobalSection
	GlobalSection(ProjectConfigurationPlatforms) = postSolution
		{70BEF854-E8A4-4311-AF6E-DD39F865530C}.Debug|Any CPU.ActiveCfg = Debug|Any CPU
		{70BEF854-E8A4-4311-AF6E-DD39F865530C}.Debug|Any CPU.Build.0 = Debug|Any CPU
		{70BEF854-E8A4-4311-AF6E-DD39F865530C}.Release|Any CPU.ActiveCfg = Release|Any CPU
		{70BEF854-E8A4-4311-AF6E-DD39F865530C}.Release|Any CPU.Build.0 = Release|Any CPU
	EndGlobalSection
	GlobalSection(SolutionProperties) = preSolution
		HideSolutionNode = FALSE
	EndGlobalSection
	GlobalSection(ExtensibilityGlobals) = postSolution
		SolutionGuid = {FF5F264E-A571-44DE-8295-D53897CFADA2}
	EndGlobalSection
EndGlobal
