
Microsoft Visual Studio Solution File, Format Version 12.00
# Visual Studio 15
VisualStudioVersion = 15.0.27428.2037
MinimumVisualStudioVersion = 10.0.40219.1
Project("{FAE04EC0-301F-11D3-BF4B-00C04F79EFBC}") = "MetalDetector", "MetalDetector\MetalDetector\MetalDetector.csproj", "{F847FE3C-C90E-4FD0-8BE9-87B5C708460D}"
EndProject
Project("{FAE04EC0-301F-11D3-BF4B-00C04F79EFBC}") = "MetalDetector.Tizen.Wearable", "MetalDetector\MetalDetector.Tizen.Wearable\MetalDetector.Tizen.Wearable.csproj", "{6C711B45-DF65-4A50-BB4B-7A372787D402}"
EndProject
Global
	GlobalSection(SolutionConfigurationPlatforms) = preSolution
		Debug|Any CPU = Debug|Any CPU
		Release|Any CPU = Release|Any CPU
	EndGlobalSection
	GlobalSection(ProjectConfigurationPlatforms) = postSolution
		{F847FE3C-C90E-4FD0-8BE9-87B5C708460D}.Debug|Any CPU.ActiveCfg = Debug|Any CPU
		{F847FE3C-C90E-4FD0-8BE9-87B5C708460D}.Debug|Any CPU.Build.0 = Debug|Any CPU
		{F847FE3C-C90E-4FD0-8BE9-87B5C708460D}.Release|Any CPU.ActiveCfg = Release|Any CPU
		{F847FE3C-C90E-4FD0-8BE9-87B5C708460D}.Release|Any CPU.Build.0 = Release|Any CPU
		{6C711B45-DF65-4A50-BB4B-7A372787D402}.Debug|Any CPU.ActiveCfg = Debug|Any CPU
		{6C711B45-DF65-4A50-BB4B-7A372787D402}.Debug|Any CPU.Build.0 = Debug|Any CPU
		{6C711B45-DF65-4A50-BB4B-7A372787D402}.Release|Any CPU.ActiveCfg = Release|Any CPU
		{6C711B45-DF65-4A50-BB4B-7A372787D402}.Release|Any CPU.Build.0 = Release|Any CPU
	EndGlobalSection
	GlobalSection(SolutionProperties) = preSolution
		HideSolutionNode = FALSE
	EndGlobalSection
	GlobalSection(ExtensibilityGlobals) = postSolution
		SolutionGuid = {55F594CA-9E75-4B6E-9B4F-1EA9F2CB6F0A}
	EndGlobalSection
EndGlobal
