
Microsoft Visual Studio Solution File, Format Version 12.00
# Visual Studio 15
VisualStudioVersion = 15.0.28307.329
MinimumVisualStudioVersion = 10.0.40219.1
Project("{FAE04EC0-301F-11D3-BF4B-00C04F79EFBC}") = "OAuthExample", "OAuthExample\OAuthExample\OAuthExample.csproj", "{ADE0BFCC-A722-4727-8509-95EDA8C25166}"
EndProject
Project("{FAE04EC0-301F-11D3-BF4B-00C04F79EFBC}") = "OAuthExample.Tizen", "OAuthExample\OAuthExample.Tizen\OAuthExample.Tizen.csproj", "{1B6C32E5-D085-49AE-B4DB-0F93F1BB8217}"
EndProject
Global
	GlobalSection(SolutionConfigurationPlatforms) = preSolution
		Debug|Any CPU = Debug|Any CPU
		Release|Any CPU = Release|Any CPU
	EndGlobalSection
	GlobalSection(ProjectConfigurationPlatforms) = postSolution
		{ADE0BFCC-A722-4727-8509-95EDA8C25166}.Debug|Any CPU.ActiveCfg = Debug|Any CPU
		{ADE0BFCC-A722-4727-8509-95EDA8C25166}.Debug|Any CPU.Build.0 = Debug|Any CPU
		{ADE0BFCC-A722-4727-8509-95EDA8C25166}.Release|Any CPU.ActiveCfg = Release|Any CPU
		{ADE0BFCC-A722-4727-8509-95EDA8C25166}.Release|Any CPU.Build.0 = Release|Any CPU
		{1B6C32E5-D085-49AE-B4DB-0F93F1BB8217}.Debug|Any CPU.ActiveCfg = Debug|Any CPU
		{1B6C32E5-D085-49AE-B4DB-0F93F1BB8217}.Debug|Any CPU.Build.0 = Debug|Any CPU
		{1B6C32E5-D085-49AE-B4DB-0F93F1BB8217}.Release|Any CPU.ActiveCfg = Release|Any CPU
		{1B6C32E5-D085-49AE-B4DB-0F93F1BB8217}.Release|Any CPU.Build.0 = Release|Any CPU
	EndGlobalSection
	GlobalSection(SolutionProperties) = preSolution
		HideSolutionNode = FALSE
	EndGlobalSection
	GlobalSection(ExtensibilityGlobals) = postSolution
		SolutionGuid = {AF1EB650-5A04-4EB2-B4B6-FAA46F49AFF9}
	EndGlobalSection
EndGlobal
