
Microsoft Visual Studio Solution File, Format Version 12.00
# Visual Studio 15
VisualStudioVersion = 15.0.27703.2042
MinimumVisualStudioVersion = 10.0.40219.1
Project("{9A19103F-16F7-4668-BE54-9A1E7A4F7556}") = "Preference", "Preference\Preference.csproj", "{D06C6460-E9EA-4378-BC37-63F4DAEA2789}"
EndProject
Global
	GlobalSection(SolutionConfigurationPlatforms) = preSolution
		Debug|Any CPU = Debug|Any CPU
		Release|Any CPU = Release|Any CPU
	EndGlobalSection
	GlobalSection(ProjectConfigurationPlatforms) = postSolution
		{D06C6460-E9EA-4378-BC37-63F4DAEA2789}.Debug|Any CPU.ActiveCfg = Debug|Any CPU
		{D06C6460-E9EA-4378-BC37-63F4DAEA2789}.Debug|Any CPU.Build.0 = Debug|Any CPU
		{D06C6460-E9EA-4378-BC37-63F4DAEA2789}.Release|Any CPU.ActiveCfg = Release|Any CPU
		{D06C6460-E9EA-4378-BC37-63F4DAEA2789}.Release|Any CPU.Build.0 = Release|Any CPU
	EndGlobalSection
	GlobalSection(SolutionProperties) = preSolution
		HideSolutionNode = FALSE
	EndGlobalSection
	GlobalSection(ExtensibilityGlobals) = postSolution
		SolutionGuid = {440D219C-6864-476C-B19B-A3349DEA9AAA}
	EndGlobalSection
EndGlobal
