
Microsoft Visual Studio Solution File, Format Version 12.00
# Visual Studio 15
VisualStudioVersion = 15.0.28307.271
MinimumVisualStudioVersion = 10.0.40219.1
Project("{9A19103F-16F7-4668-BE54-9A1E7A4F7556}") = "MediaToolSample", "MediaToolSample\MediaToolSample.csproj", "{06A437CB-09FF-47A9-804D-3B9993F5119C}"
EndProject
Global
	GlobalSection(SolutionConfigurationPlatforms) = preSolution
		Debug|Any CPU = Debug|Any CPU
		Release|Any CPU = Release|Any CPU
	EndGlobalSection
	GlobalSection(ProjectConfigurationPlatforms) = postSolution
		{06A437CB-09FF-47A9-804D-3B9993F5119C}.Debug|Any CPU.ActiveCfg = Debug|Any CPU
		{06A437CB-09FF-47A9-804D-3B9993F5119C}.Debug|Any CPU.Build.0 = Debug|Any CPU
		{06A437CB-09FF-47A9-804D-3B9993F5119C}.Release|Any CPU.ActiveCfg = Release|Any CPU
		{06A437CB-09FF-47A9-804D-3B9993F5119C}.Release|Any CPU.Build.0 = Release|Any CPU
	EndGlobalSection
	GlobalSection(SolutionProperties) = preSolution
		HideSolutionNode = FALSE
	EndGlobalSection
	GlobalSection(ExtensibilityGlobals) = postSolution
		SolutionGuid = {EDFBDC1A-F612-4BED-B0C2-A31E4A96C207}
	EndGlobalSection
EndGlobal
