
Microsoft Visual Studio Solution File, Format Version 12.00
# Visual Studio 15
VisualStudioVersion = 15.0.27428.2015
MinimumVisualStudioVersion = 10.0.40219.1
Project("{FAE04EC0-301F-11D3-BF4B-00C04F79EFBC}") = "AnalogWatch.Tizen.Wearable", "AnalogWatch\AnalogWatch.Tizen.Wearable\AnalogWatch.Tizen.Wearable.csproj", "{10BEE934-2EBE-49E7-879F-1287006EABA0}"
EndProject
Global
	GlobalSection(SolutionConfigurationPlatforms) = preSolution
		Debug|Any CPU = Debug|Any CPU
		Release|Any CPU = Release|Any CPU
	EndGlobalSection
	GlobalSection(ProjectConfigurationPlatforms) = postSolution
		{10BEE934-2EBE-49E7-879F-1287006EABA0}.Debug|Any CPU.ActiveCfg = Debug|Any CPU
		{10BEE934-2EBE-49E7-879F-1287006EABA0}.Debug|Any CPU.Build.0 = Debug|Any CPU
		{10BEE934-2EBE-49E7-879F-1287006EABA0}.Release|Any CPU.ActiveCfg = Release|Any CPU
		{10BEE934-2EBE-49E7-879F-1287006EABA0}.Release|Any CPU.Build.0 = Release|Any CPU
	EndGlobalSection
	GlobalSection(SolutionProperties) = preSolution
		HideSolutionNode = FALSE
	EndGlobalSection
	GlobalSection(ExtensibilityGlobals) = postSolution
		SolutionGuid = {A4C1A256-4793-48E2-9385-35A770E3A0B3}
	EndGlobalSection
EndGlobal
