
Microsoft Visual Studio Solution File, Format Version 12.00
# Visual Studio 15
VisualStudioVersion = 15.0.26730.15
MinimumVisualStudioVersion = 10.0.40219.1
Project("{FAE04EC0-301F-11D3-BF4B-00C04F79EFBC}") = "SmartCardSampleApp", "SmartCardSampleApp\SmartCardSampleApp\SmartCardSampleApp.csproj", "{FB73BCE3-1BE5-4F24-ADCF-A97E931BC0C1}"
EndProject
Project("{FAE04EC0-301F-11D3-BF4B-00C04F79EFBC}") = "SmartCardSampleApp.Tizen.Mobile", "SmartCardSampleApp\SmartCardSampleApp.Tizen.Mobile\SmartCardSampleApp.Tizen.Mobile.csproj", "{C42F8BFE-D771-4EEE-9C0F-3E3736CEAC92}"
EndProject
Global
	GlobalSection(SolutionConfigurationPlatforms) = preSolution
		Debug|Any CPU = Debug|Any CPU
		Release|Any CPU = Release|Any CPU
	EndGlobalSection
	GlobalSection(ProjectConfigurationPlatforms) = postSolution
		{FB73BCE3-1BE5-4F24-ADCF-A97E931BC0C1}.Debug|Any CPU.ActiveCfg = Debug|Any CPU
		{FB73BCE3-1BE5-4F24-ADCF-A97E931BC0C1}.Debug|Any CPU.Build.0 = Debug|Any CPU
		{FB73BCE3-1BE5-4F24-ADCF-A97E931BC0C1}.Release|Any CPU.ActiveCfg = Release|Any CPU
		{FB73BCE3-1BE5-4F24-ADCF-A97E931BC0C1}.Release|Any CPU.Build.0 = Release|Any CPU
		{C42F8BFE-D771-4EEE-9C0F-3E3736CEAC92}.Debug|Any CPU.ActiveCfg = Debug|Any CPU
		{C42F8BFE-D771-4EEE-9C0F-3E3736CEAC92}.Debug|Any CPU.Build.0 = Debug|Any CPU
		{C42F8BFE-D771-4EEE-9C0F-3E3736CEAC92}.Release|Any CPU.ActiveCfg = Release|Any CPU
		{C42F8BFE-D771-4EEE-9C0F-3E3736CEAC92}.Release|Any CPU.Build.0 = Release|Any CPU
	EndGlobalSection
	GlobalSection(SolutionProperties) = preSolution
		HideSolutionNode = FALSE
	EndGlobalSection
	GlobalSection(ExtensibilityGlobals) = postSolution
		SolutionGuid = {4E75E409-C454-415F-B776-30B782BB6744}
	EndGlobalSection
EndGlobal
