
Microsoft Visual Studio Solution File, Format Version 12.00
# Visual Studio 15
VisualStudioVersion = 15.0.28307.539
MinimumVisualStudioVersion = 10.0.40219.1
Project("{FAE04EC0-301F-11D3-BF4B-00C04F79EFBC}") = "SquatCounter", "SquatCounter\SquatCounter.csproj", "{297F9937-F8C6-4FB3-9AB4-B708CE3583F9}"
EndProject
Global
	GlobalSection(SolutionConfigurationPlatforms) = preSolution
		Debug|Any CPU = Debug|Any CPU
		Release|Any CPU = Release|Any CPU
	EndGlobalSection
	GlobalSection(ProjectConfigurationPlatforms) = postSolution
		{297F9937-F8C6-4FB3-9AB4-B708CE3583F9}.Debug|Any CPU.ActiveCfg = Debug|Any CPU
		{297F9937-F8C6-4FB3-9AB4-B708CE3583F9}.Debug|Any CPU.Build.0 = Debug|Any CPU
		{297F9937-F8C6-4FB3-9AB4-B708CE3583F9}.Release|Any CPU.ActiveCfg = Release|Any CPU
		{297F9937-F8C6-4FB3-9AB4-B708CE3583F9}.Release|Any CPU.Build.0 = Release|Any CPU
	EndGlobalSection
	GlobalSection(SolutionProperties) = preSolution
		HideSolutionNode = FALSE
	EndGlobalSection
	GlobalSection(ExtensibilityGlobals) = postSolution
		SolutionGuid = {BEDEA0D3-B578-4BB1-9FD6-5C8AD2B33E99}
	EndGlobalSection
EndGlobal
